// !$*UTF8*$!
{
	archiveVersion = 1;
	classes = {
	};
	objectVersion = 50;
	objects = {

/* Begin PBXBuildFile section */
		68F13FEA251A33250034CE32 /* PetDetails.storyboard in Resources */ = {isa = PBXBuildFile; fileRef = 68F13FE9251A33250034CE32 /* PetDetails.storyboard */; };
		68F13FED251B70020034CE32 /* PetDetailsContoller.swift in Sources */ = {isa = PBXBuildFile; fileRef = 68F13FEC251B70020034CE32 /* PetDetailsContoller.swift */; };
		7C14D7172510F745003F9069 /* NewPet.storyboard in Resources */ = {isa = PBXBuildFile; fileRef = 7C14D7162510F745003F9069 /* NewPet.storyboard */; };
		7C14D7192510FDF0003F9069 /* NewPetViewController.swift in Sources */ = {isa = PBXBuildFile; fileRef = 7C14D7182510FDF0003F9069 /* NewPetViewController.swift */; };
		E93385C225237C95008FEAF9 /* Onboarding.swift in Sources */ = {isa = PBXBuildFile; fileRef = E93385C125237C95008FEAF9 /* Onboarding.swift */; };
		E93385CA25243BED008FEAF9 /* OnboardingCell.swift in Sources */ = {isa = PBXBuildFile; fileRef = E93385C925243BED008FEAF9 /* OnboardingCell.swift */; };
		E93385CF2524424F008FEAF9 /* OnboardingController.swift in Sources */ = {isa = PBXBuildFile; fileRef = E93385CE2524424F008FEAF9 /* OnboardingController.swift */; };
		E93807132513B735007C25B3 /* ActivityValues.swift in Sources */ = {isa = PBXBuildFile; fileRef = E93807122513B735007C25B3 /* ActivityValues.swift */; };
		E93A64B42513A01E0024DCAA /* RepeatDetailsController.swift in Sources */ = {isa = PBXBuildFile; fileRef = E93A64B32513A01E0024DCAA /* RepeatDetailsController.swift */; };
		E93A64BC2513A26F0024DCAA /* ActivityDetailsDelegate.swift in Sources */ = {isa = PBXBuildFile; fileRef = E93A64BB2513A26F0024DCAA /* ActivityDetailsDelegate.swift */; };
		E9484BC0251A389A0006256D /* FileHelper.swift in Sources */ = {isa = PBXBuildFile; fileRef = E9484BBF251A389A0006256D /* FileHelper.swift */; };
		E9484BC5251A45710006256D /* Repository.swift in Sources */ = {isa = PBXBuildFile; fileRef = E9484BC4251A45710006256D /* Repository.swift */; };
		E9484BCA251A457B0006256D /* RepositoryItem.swift in Sources */ = {isa = PBXBuildFile; fileRef = E9484BC9251A457B0006256D /* RepositoryItem.swift */; };
		E94BD0ED251CE745009DD22C /* ActivityControllerTests.swift in Sources */ = {isa = PBXBuildFile; fileRef = E94BD0EC251CE745009DD22C /* ActivityControllerTests.swift */; };
		E955ABE725222B82004E4469 /* ActivityRepositoryTests.swift in Sources */ = {isa = PBXBuildFile; fileRef = E955ABE625222B82004E4469 /* ActivityRepositoryTests.swift */; };
		E973E9F6250F96540077E9C0 /* AppDelegate.swift in Sources */ = {isa = PBXBuildFile; fileRef = E973E9F5250F96540077E9C0 /* AppDelegate.swift */; };
		E973E9F8250F96540077E9C0 /* SceneDelegate.swift in Sources */ = {isa = PBXBuildFile; fileRef = E973E9F7250F96540077E9C0 /* SceneDelegate.swift */; };
		E973E9FF250F96550077E9C0 /* Assets.xcassets in Resources */ = {isa = PBXBuildFile; fileRef = E973E9FE250F96550077E9C0 /* Assets.xcassets */; };
		E973EA02250F96550077E9C0 /* LaunchScreen.storyboard in Resources */ = {isa = PBXBuildFile; fileRef = E973EA00250F96550077E9C0 /* LaunchScreen.storyboard */; };
		E973EA11250F9C0A0077E9C0 /* DetailsMatterTests.swift in Sources */ = {isa = PBXBuildFile; fileRef = E973EA10250F9C0A0077E9C0 /* DetailsMatterTests.swift */; };
		E973EA1F250F9C240077E9C0 /* DetailsMatterUITests.swift in Sources */ = {isa = PBXBuildFile; fileRef = E973EA1E250F9C240077E9C0 /* DetailsMatterUITests.swift */; };
		E974DA982514D8E900B5A14E /* CategoryDetailsController.swift in Sources */ = {isa = PBXBuildFile; fileRef = E974DA972514D8E900B5A14E /* CategoryDetailsController.swift */; };
		E974DA9D2514D8FD00B5A14E /* DetailsView.swift in Sources */ = {isa = PBXBuildFile; fileRef = E974DA9C2514D8FD00B5A14E /* DetailsView.swift */; };
		E974DAA82514E62F00B5A14E /* DatePickerCell.swift in Sources */ = {isa = PBXBuildFile; fileRef = E974DAA72514E62F00B5A14E /* DatePickerCell.swift */; };
		E9A6D7BA2512356300FFE94F /* ActivityView.swift in Sources */ = {isa = PBXBuildFile; fileRef = E9A6D7B92512356300FFE94F /* ActivityView.swift */; };
		E9A6D7BE25125DEB00FFE94F /* ActivityView+UITableViewDelegate+DataSource.swift in Sources */ = {isa = PBXBuildFile; fileRef = E9A6D7BD25125DEB00FFE94F /* ActivityView+UITableViewDelegate+DataSource.swift */; };
		E9AC19902510F9AF00920DFC /* ActivityController.swift in Sources */ = {isa = PBXBuildFile; fileRef = E9AC198F2510F9AF00920DFC /* ActivityController.swift */; };
		E9C3C0A1251B979E0071AF92 /* DataManager.swift in Sources */ = {isa = PBXBuildFile; fileRef = E9C3C0A0251B979E0071AF92 /* DataManager.swift */; };
		E9F73CFC2518D47E00B00C39 /* StopRepeatDetailsController.swift in Sources */ = {isa = PBXBuildFile; fileRef = E9F73CFB2518D47E00B00C39 /* StopRepeatDetailsController.swift */; };
		E9F73D042518D6ED00B00C39 /* StopRepeatDetails.swift in Sources */ = {isa = PBXBuildFile; fileRef = E9F73D032518D6ED00B00C39 /* StopRepeatDetails.swift */; };
		E9F73D162518EF2800B00C39 /* PickerCell.swift in Sources */ = {isa = PBXBuildFile; fileRef = E9F73D152518EF2800B00C39 /* PickerCell.swift */; };
		E9FE97ED2524D99500387141 /* PetDelegate.swift in Sources */ = {isa = PBXBuildFile; fileRef = E9FE97EC2524D99500387141 /* PetDelegate.swift */; };
		FE5DDBA525123CA3005A5040 /* PetsCollection.swift in Sources */ = {isa = PBXBuildFile; fileRef = FE5DDBA425123CA3005A5040 /* PetsCollection.swift */; };
		FE5DDBA825124933005A5040 /* PetCollectionCell.swift in Sources */ = {isa = PBXBuildFile; fileRef = FE5DDBA625124933005A5040 /* PetCollectionCell.swift */; };
		FE5DDBA925124933005A5040 /* PetCollectionCell.xib in Resources */ = {isa = PBXBuildFile; fileRef = FE5DDBA725124933005A5040 /* PetCollectionCell.xib */; };
		FE5DDBAC2512494C005A5040 /* InitialActivityCollectionCell.swift in Sources */ = {isa = PBXBuildFile; fileRef = FE5DDBAA2512494C005A5040 /* InitialActivityCollectionCell.swift */; };
		FE5DDBAD2512494C005A5040 /* InitialActivityCollectionCell.xib in Resources */ = {isa = PBXBuildFile; fileRef = FE5DDBAB2512494C005A5040 /* InitialActivityCollectionCell.xib */; };
		FE5DDBAF25125E32005A5040 /* Colors.swift in Sources */ = {isa = PBXBuildFile; fileRef = FE5DDBAE25125E32005A5040 /* Colors.swift */; };
		FE5DDBB125126B77005A5040 /* InitialActivitiesCollection.swift in Sources */ = {isa = PBXBuildFile; fileRef = FE5DDBB025126B77005A5040 /* InitialActivitiesCollection.swift */; };
		FE6A960A25139F29006D94C1 /* NewVaccine.storyboard in Resources */ = {isa = PBXBuildFile; fileRef = FE6A960925139F29006D94C1 /* NewVaccine.storyboard */; };
		FE6A960F2513A288006D94C1 /* NewVaccineViewController.swift in Sources */ = {isa = PBXBuildFile; fileRef = FE6A960E2513A288006D94C1 /* NewVaccineViewController.swift */; };
		FE6A96142513A711006D94C1 /* VaccinceDelegate.swift in Sources */ = {isa = PBXBuildFile; fileRef = FE6A96132513A711006D94C1 /* VaccinceDelegate.swift */; };
		FE706A5E2524F70300FFC0A7 /* InitialDelegate.swift in Sources */ = {isa = PBXBuildFile; fileRef = FE706A5D2524F70300FFC0A7 /* InitialDelegate.swift */; };
		FE9011522524A24E003EF740 /* EventManager.swift in Sources */ = {isa = PBXBuildFile; fileRef = FE9011512524A24E003EF740 /* EventManager.swift */; };
		FEB5957A251B77A10011B23A /* ActivityCollectionCell.swift in Sources */ = {isa = PBXBuildFile; fileRef = FEB59578251B77A10011B23A /* ActivityCollectionCell.swift */; };
		FEB5957B251B77A10011B23A /* ActivityCollectionCell.xib in Resources */ = {isa = PBXBuildFile; fileRef = FEB59579251B77A10011B23A /* ActivityCollectionCell.xib */; };
		FEB59586251B77D30011B23A /* VaccineCollectionCell.swift in Sources */ = {isa = PBXBuildFile; fileRef = FEB59584251B77D30011B23A /* VaccineCollectionCell.swift */; };
		FEB59587251B77D30011B23A /* VaccineCollectionCell.xib in Resources */ = {isa = PBXBuildFile; fileRef = FEB59585251B77D30011B23A /* VaccineCollectionCell.xib */; };
		FED22D08251E400B004CDCF9 /* ActivitiesCollection.swift in Sources */ = {isa = PBXBuildFile; fileRef = FED22D07251E400B004CDCF9 /* ActivitiesCollection.swift */; };
		FED22D0D251E401A004CDCF9 /* VaccineCollection.swift in Sources */ = {isa = PBXBuildFile; fileRef = FED22D0C251E401A004CDCF9 /* VaccineCollection.swift */; };
		FED22D12251E4A3D004CDCF9 /* PetDeatilsProfileContainer.swift in Sources */ = {isa = PBXBuildFile; fileRef = FED22D11251E4A3D004CDCF9 /* PetDeatilsProfileContainer.swift */; };
		FEE4BFB32510F5CD000CA883 /* Initial.swift in Sources */ = {isa = PBXBuildFile; fileRef = FEE4BFB22510F5CD000CA883 /* Initial.swift */; };
		FEE4BFBB25110286000CA883 /* InitialViewController.swift in Sources */ = {isa = PBXBuildFile; fileRef = FEE4BFBA25110286000CA883 /* InitialViewController.swift */; };
		FEE4BFBD2511068C000CA883 /* Config.swift in Sources */ = {isa = PBXBuildFile; fileRef = FEE4BFBC2511068C000CA883 /* Config.swift */; };
		FEF0B13F2518DE30002775CF /* PetModel.swift in Sources */ = {isa = PBXBuildFile; fileRef = FEF0B13E2518DE30002775CF /* PetModel.swift */; };
		FEF0B1442518DE55002775CF /* VaccineModel.swift in Sources */ = {isa = PBXBuildFile; fileRef = FEF0B1432518DE55002775CF /* VaccineModel.swift */; };
		FEF0B1492518DE6B002775CF /* ActivityModel.swift in Sources */ = {isa = PBXBuildFile; fileRef = FEF0B1482518DE6B002775CF /* ActivityModel.swift */; };
/* End PBXBuildFile section */

/* Begin PBXContainerItemProxy section */
		E973EA13250F9C0A0077E9C0 /* PBXContainerItemProxy */ = {
			isa = PBXContainerItemProxy;
			containerPortal = E973E9EA250F96540077E9C0 /* Project object */;
			proxyType = 1;
			remoteGlobalIDString = E973E9F1250F96540077E9C0;
			remoteInfo = DetailsMatter;
		};
		E973EA21250F9C240077E9C0 /* PBXContainerItemProxy */ = {
			isa = PBXContainerItemProxy;
			containerPortal = E973E9EA250F96540077E9C0 /* Project object */;
			proxyType = 1;
			remoteGlobalIDString = E973E9F1250F96540077E9C0;
			remoteInfo = DetailsMatter;
		};
/* End PBXContainerItemProxy section */

/* Begin PBXFileReference section */
		68F13FE9251A33250034CE32 /* PetDetails.storyboard */ = {isa = PBXFileReference; lastKnownFileType = file.storyboard; path = PetDetails.storyboard; sourceTree = "<group>"; };
		68F13FEC251B70020034CE32 /* PetDetailsContoller.swift */ = {isa = PBXFileReference; lastKnownFileType = sourcecode.swift; path = PetDetailsContoller.swift; sourceTree = "<group>"; };
		7C14D7162510F745003F9069 /* NewPet.storyboard */ = {isa = PBXFileReference; lastKnownFileType = file.storyboard; path = NewPet.storyboard; sourceTree = "<group>"; };
		7C14D7182510FDF0003F9069 /* NewPetViewController.swift */ = {isa = PBXFileReference; lastKnownFileType = sourcecode.swift; path = NewPetViewController.swift; sourceTree = "<group>"; };
		E93385C125237C95008FEAF9 /* Onboarding.swift */ = {isa = PBXFileReference; lastKnownFileType = sourcecode.swift; path = Onboarding.swift; sourceTree = "<group>"; };
		E93385C925243BED008FEAF9 /* OnboardingCell.swift */ = {isa = PBXFileReference; lastKnownFileType = sourcecode.swift; path = OnboardingCell.swift; sourceTree = "<group>"; };
		E93385CE2524424F008FEAF9 /* OnboardingController.swift */ = {isa = PBXFileReference; lastKnownFileType = sourcecode.swift; path = OnboardingController.swift; sourceTree = "<group>"; };
		E93807122513B735007C25B3 /* ActivityValues.swift */ = {isa = PBXFileReference; lastKnownFileType = sourcecode.swift; path = ActivityValues.swift; sourceTree = "<group>"; };
		E93A64B32513A01E0024DCAA /* RepeatDetailsController.swift */ = {isa = PBXFileReference; lastKnownFileType = sourcecode.swift; path = RepeatDetailsController.swift; sourceTree = "<group>"; };
		E93A64BB2513A26F0024DCAA /* ActivityDetailsDelegate.swift */ = {isa = PBXFileReference; lastKnownFileType = sourcecode.swift; path = ActivityDetailsDelegate.swift; sourceTree = "<group>"; };
		E9484BBF251A389A0006256D /* FileHelper.swift */ = {isa = PBXFileReference; lastKnownFileType = sourcecode.swift; path = FileHelper.swift; sourceTree = "<group>"; };
		E9484BC4251A45710006256D /* Repository.swift */ = {isa = PBXFileReference; lastKnownFileType = sourcecode.swift; path = Repository.swift; sourceTree = "<group>"; };
		E9484BC9251A457B0006256D /* RepositoryItem.swift */ = {isa = PBXFileReference; lastKnownFileType = sourcecode.swift; path = RepositoryItem.swift; sourceTree = "<group>"; };
		E94BD0EC251CE745009DD22C /* ActivityControllerTests.swift */ = {isa = PBXFileReference; lastKnownFileType = sourcecode.swift; path = ActivityControllerTests.swift; sourceTree = "<group>"; };
		E955ABE625222B82004E4469 /* ActivityRepositoryTests.swift */ = {isa = PBXFileReference; lastKnownFileType = sourcecode.swift; path = ActivityRepositoryTests.swift; sourceTree = "<group>"; };
		E973E9F2250F96540077E9C0 /* DetailsMatter.app */ = {isa = PBXFileReference; explicitFileType = wrapper.application; includeInIndex = 0; path = DetailsMatter.app; sourceTree = BUILT_PRODUCTS_DIR; };
		E973E9F5250F96540077E9C0 /* AppDelegate.swift */ = {isa = PBXFileReference; lastKnownFileType = sourcecode.swift; path = AppDelegate.swift; sourceTree = "<group>"; };
		E973E9F7250F96540077E9C0 /* SceneDelegate.swift */ = {isa = PBXFileReference; lastKnownFileType = sourcecode.swift; path = SceneDelegate.swift; sourceTree = "<group>"; };
		E973E9FE250F96550077E9C0 /* Assets.xcassets */ = {isa = PBXFileReference; lastKnownFileType = folder.assetcatalog; path = Assets.xcassets; sourceTree = "<group>"; };
		E973EA01250F96550077E9C0 /* Base */ = {isa = PBXFileReference; lastKnownFileType = file.storyboard; name = Base; path = Base.lproj/LaunchScreen.storyboard; sourceTree = "<group>"; };
		E973EA03250F96550077E9C0 /* Info.plist */ = {isa = PBXFileReference; lastKnownFileType = text.plist.xml; path = Info.plist; sourceTree = "<group>"; };
		E973EA0E250F9C0A0077E9C0 /* DetailsMatterTests.xctest */ = {isa = PBXFileReference; explicitFileType = wrapper.cfbundle; includeInIndex = 0; path = DetailsMatterTests.xctest; sourceTree = BUILT_PRODUCTS_DIR; };
		E973EA10250F9C0A0077E9C0 /* DetailsMatterTests.swift */ = {isa = PBXFileReference; lastKnownFileType = sourcecode.swift; path = DetailsMatterTests.swift; sourceTree = "<group>"; };
		E973EA12250F9C0A0077E9C0 /* Info.plist */ = {isa = PBXFileReference; lastKnownFileType = text.plist.xml; path = Info.plist; sourceTree = "<group>"; };
		E973EA1C250F9C240077E9C0 /* DetailsMatterUITests.xctest */ = {isa = PBXFileReference; explicitFileType = wrapper.cfbundle; includeInIndex = 0; path = DetailsMatterUITests.xctest; sourceTree = BUILT_PRODUCTS_DIR; };
		E973EA1E250F9C240077E9C0 /* DetailsMatterUITests.swift */ = {isa = PBXFileReference; lastKnownFileType = sourcecode.swift; path = DetailsMatterUITests.swift; sourceTree = "<group>"; };
		E973EA20250F9C240077E9C0 /* Info.plist */ = {isa = PBXFileReference; lastKnownFileType = text.plist.xml; path = Info.plist; sourceTree = "<group>"; };
		E974DA972514D8E900B5A14E /* CategoryDetailsController.swift */ = {isa = PBXFileReference; lastKnownFileType = sourcecode.swift; path = CategoryDetailsController.swift; sourceTree = "<group>"; };
		E974DA9C2514D8FD00B5A14E /* DetailsView.swift */ = {isa = PBXFileReference; lastKnownFileType = sourcecode.swift; path = DetailsView.swift; sourceTree = "<group>"; };
		E974DAA72514E62F00B5A14E /* DatePickerCell.swift */ = {isa = PBXFileReference; lastKnownFileType = sourcecode.swift; path = DatePickerCell.swift; sourceTree = "<group>"; };
		E9A6D7B92512356300FFE94F /* ActivityView.swift */ = {isa = PBXFileReference; lastKnownFileType = sourcecode.swift; path = ActivityView.swift; sourceTree = "<group>"; };
		E9A6D7BD25125DEB00FFE94F /* ActivityView+UITableViewDelegate+DataSource.swift */ = {isa = PBXFileReference; lastKnownFileType = sourcecode.swift; path = "ActivityView+UITableViewDelegate+DataSource.swift"; sourceTree = "<group>"; };
		E9AC198F2510F9AF00920DFC /* ActivityController.swift */ = {isa = PBXFileReference; lastKnownFileType = sourcecode.swift; path = ActivityController.swift; sourceTree = "<group>"; };
		E9C3C0A0251B979E0071AF92 /* DataManager.swift */ = {isa = PBXFileReference; lastKnownFileType = sourcecode.swift; path = DataManager.swift; sourceTree = "<group>"; };
		E9F73CFB2518D47E00B00C39 /* StopRepeatDetailsController.swift */ = {isa = PBXFileReference; lastKnownFileType = sourcecode.swift; path = StopRepeatDetailsController.swift; sourceTree = "<group>"; };
		E9F73D032518D6ED00B00C39 /* StopRepeatDetails.swift */ = {isa = PBXFileReference; lastKnownFileType = sourcecode.swift; path = StopRepeatDetails.swift; sourceTree = "<group>"; };
		E9F73D152518EF2800B00C39 /* PickerCell.swift */ = {isa = PBXFileReference; lastKnownFileType = sourcecode.swift; path = PickerCell.swift; sourceTree = "<group>"; };
		E9FE97EC2524D99500387141 /* PetDelegate.swift */ = {isa = PBXFileReference; fileEncoding = 4; lastKnownFileType = sourcecode.swift; path = PetDelegate.swift; sourceTree = "<group>"; };
		FE5DDBA425123CA3005A5040 /* PetsCollection.swift */ = {isa = PBXFileReference; lastKnownFileType = sourcecode.swift; path = PetsCollection.swift; sourceTree = "<group>"; };
		FE5DDBA625124933005A5040 /* PetCollectionCell.swift */ = {isa = PBXFileReference; lastKnownFileType = sourcecode.swift; path = PetCollectionCell.swift; sourceTree = "<group>"; };
		FE5DDBA725124933005A5040 /* PetCollectionCell.xib */ = {isa = PBXFileReference; lastKnownFileType = file.xib; path = PetCollectionCell.xib; sourceTree = "<group>"; };
		FE5DDBAA2512494C005A5040 /* InitialActivityCollectionCell.swift */ = {isa = PBXFileReference; lastKnownFileType = sourcecode.swift; path = InitialActivityCollectionCell.swift; sourceTree = "<group>"; };
		FE5DDBAB2512494C005A5040 /* InitialActivityCollectionCell.xib */ = {isa = PBXFileReference; lastKnownFileType = file.xib; path = InitialActivityCollectionCell.xib; sourceTree = "<group>"; };
		FE5DDBAE25125E32005A5040 /* Colors.swift */ = {isa = PBXFileReference; lastKnownFileType = sourcecode.swift; path = Colors.swift; sourceTree = "<group>"; };
		FE5DDBB025126B77005A5040 /* InitialActivitiesCollection.swift */ = {isa = PBXFileReference; lastKnownFileType = sourcecode.swift; name = InitialActivitiesCollection.swift; path = ../../View/Initial/Collection/Activities/InitialActivitiesCollection.swift; sourceTree = "<group>"; };
		FE6A960925139F29006D94C1 /* NewVaccine.storyboard */ = {isa = PBXFileReference; lastKnownFileType = file.storyboard; path = NewVaccine.storyboard; sourceTree = "<group>"; };
		FE6A960E2513A288006D94C1 /* NewVaccineViewController.swift */ = {isa = PBXFileReference; lastKnownFileType = sourcecode.swift; path = NewVaccineViewController.swift; sourceTree = "<group>"; };
		FE6A96132513A711006D94C1 /* VaccinceDelegate.swift */ = {isa = PBXFileReference; lastKnownFileType = sourcecode.swift; path = VaccinceDelegate.swift; sourceTree = "<group>"; };
		FE706A5D2524F70300FFC0A7 /* InitialDelegate.swift */ = {isa = PBXFileReference; lastKnownFileType = sourcecode.swift; path = InitialDelegate.swift; sourceTree = "<group>"; };
		FE9011512524A24E003EF740 /* EventManager.swift */ = {isa = PBXFileReference; lastKnownFileType = sourcecode.swift; path = EventManager.swift; sourceTree = "<group>"; };
		FEB59578251B77A10011B23A /* ActivityCollectionCell.swift */ = {isa = PBXFileReference; lastKnownFileType = sourcecode.swift; path = ActivityCollectionCell.swift; sourceTree = "<group>"; };
		FEB59579251B77A10011B23A /* ActivityCollectionCell.xib */ = {isa = PBXFileReference; lastKnownFileType = file.xib; path = ActivityCollectionCell.xib; sourceTree = "<group>"; };
		FEB59584251B77D30011B23A /* VaccineCollectionCell.swift */ = {isa = PBXFileReference; lastKnownFileType = sourcecode.swift; path = VaccineCollectionCell.swift; sourceTree = "<group>"; };
		FEB59585251B77D30011B23A /* VaccineCollectionCell.xib */ = {isa = PBXFileReference; lastKnownFileType = file.xib; path = VaccineCollectionCell.xib; sourceTree = "<group>"; };
		FED22D07251E400B004CDCF9 /* ActivitiesCollection.swift */ = {isa = PBXFileReference; lastKnownFileType = sourcecode.swift; path = ActivitiesCollection.swift; sourceTree = "<group>"; };
		FED22D0C251E401A004CDCF9 /* VaccineCollection.swift */ = {isa = PBXFileReference; lastKnownFileType = sourcecode.swift; path = VaccineCollection.swift; sourceTree = "<group>"; };
		FED22D11251E4A3D004CDCF9 /* PetDeatilsProfileContainer.swift */ = {isa = PBXFileReference; lastKnownFileType = sourcecode.swift; path = PetDeatilsProfileContainer.swift; sourceTree = "<group>"; };
		FEE4BFB22510F5CD000CA883 /* Initial.swift */ = {isa = PBXFileReference; lastKnownFileType = sourcecode.swift; path = Initial.swift; sourceTree = "<group>"; };
		FEE4BFBA25110286000CA883 /* InitialViewController.swift */ = {isa = PBXFileReference; lastKnownFileType = sourcecode.swift; path = InitialViewController.swift; sourceTree = "<group>"; };
		FEE4BFBC2511068C000CA883 /* Config.swift */ = {isa = PBXFileReference; lastKnownFileType = sourcecode.swift; path = Config.swift; sourceTree = "<group>"; };
		FEF0B13E2518DE30002775CF /* PetModel.swift */ = {isa = PBXFileReference; lastKnownFileType = sourcecode.swift; path = PetModel.swift; sourceTree = "<group>"; };
		FEF0B1432518DE55002775CF /* VaccineModel.swift */ = {isa = PBXFileReference; lastKnownFileType = sourcecode.swift; path = VaccineModel.swift; sourceTree = "<group>"; };
		FEF0B1482518DE6B002775CF /* ActivityModel.swift */ = {isa = PBXFileReference; lastKnownFileType = sourcecode.swift; path = ActivityModel.swift; sourceTree = "<group>"; };
/* End PBXFileReference section */

/* Begin PBXFrameworksBuildPhase section */
		E973E9EF250F96540077E9C0 /* Frameworks */ = {
			isa = PBXFrameworksBuildPhase;
			buildActionMask = 2147483647;
			files = (
			);
			runOnlyForDeploymentPostprocessing = 0;
		};
		E973EA0B250F9C0A0077E9C0 /* Frameworks */ = {
			isa = PBXFrameworksBuildPhase;
			buildActionMask = 2147483647;
			files = (
			);
			runOnlyForDeploymentPostprocessing = 0;
		};
		E973EA19250F9C240077E9C0 /* Frameworks */ = {
			isa = PBXFrameworksBuildPhase;
			buildActionMask = 2147483647;
			files = (
			);
			runOnlyForDeploymentPostprocessing = 0;
		};
/* End PBXFrameworksBuildPhase section */

/* Begin PBXGroup section */
		E93A64B22513A00B0024DCAA /* Details */ = {
			isa = PBXGroup;
			children = (
				E93A64B32513A01E0024DCAA /* RepeatDetailsController.swift */,
				E974DA972514D8E900B5A14E /* CategoryDetailsController.swift */,
				E9F73CFB2518D47E00B00C39 /* StopRepeatDetailsController.swift */,
			);
			path = Details;
			sourceTree = "<group>";
		};
		E94BD0EB251CE727009DD22C /* ActivityTests */ = {
			isa = PBXGroup;
			children = (
				E94BD0EC251CE745009DD22C /* ActivityControllerTests.swift */,
				E955ABE625222B82004E4469 /* ActivityRepositoryTests.swift */,
			);
			path = ActivityTests;
			sourceTree = "<group>";
		};
		E973E9E9250F96540077E9C0 = {
			isa = PBXGroup;
			children = (
				E973E9F4250F96540077E9C0 /* DetailsMatter */,
				E973EA0F250F9C0A0077E9C0 /* DetailsMatterTests */,
				E973EA1D250F9C240077E9C0 /* DetailsMatterUITests */,
				E973E9F3250F96540077E9C0 /* Products */,
			);
			sourceTree = "<group>";
		};
		E973E9F3250F96540077E9C0 /* Products */ = {
			isa = PBXGroup;
			children = (
				E973E9F2250F96540077E9C0 /* DetailsMatter.app */,
				E973EA0E250F9C0A0077E9C0 /* DetailsMatterTests.xctest */,
				E973EA1C250F9C240077E9C0 /* DetailsMatterUITests.xctest */,
			);
			name = Products;
			sourceTree = "<group>";
		};
		E973E9F4250F96540077E9C0 /* DetailsMatter */ = {
			isa = PBXGroup;
			children = (
				FE9011502524A23C003EF740 /* Services */,
				E9AC19872510E8B100920DFC /* Model */,
				E9AC19892510E8DA00920DFC /* View */,
				E9AC19882510E8D300920DFC /* Controller */,
				FEE4BFB42510FEAF000CA883 /* Utils */,
				FEDE77C8252B451C00602EFD /* Shared */,
				E973EA03250F96550077E9C0 /* Info.plist */,
			);
			path = DetailsMatter;
			sourceTree = "<group>";
		};
		E973EA0F250F9C0A0077E9C0 /* DetailsMatterTests */ = {
			isa = PBXGroup;
			children = (
				E94BD0EB251CE727009DD22C /* ActivityTests */,
				E973EA10250F9C0A0077E9C0 /* DetailsMatterTests.swift */,
				E973EA12250F9C0A0077E9C0 /* Info.plist */,
			);
			path = DetailsMatterTests;
			sourceTree = "<group>";
		};
		E973EA1D250F9C240077E9C0 /* DetailsMatterUITests */ = {
			isa = PBXGroup;
			children = (
				E973EA1E250F9C240077E9C0 /* DetailsMatterUITests.swift */,
				E973EA20250F9C240077E9C0 /* Info.plist */,
			);
			path = DetailsMatterUITests;
			sourceTree = "<group>";
		};
		E9AC19872510E8B100920DFC /* Model */ = {
			isa = PBXGroup;
			children = (
				FEF0B13E2518DE30002775CF /* PetModel.swift */,
				FEF0B1432518DE55002775CF /* VaccineModel.swift */,
				FEF0B1482518DE6B002775CF /* ActivityModel.swift */,
				E93807122513B735007C25B3 /* ActivityValues.swift */,
			);
			path = Model;
			sourceTree = "<group>";
		};
		E9AC19882510E8D300920DFC /* Controller */ = {
			isa = PBXGroup;
			children = (
				E9AC198E2510F96300920DFC /* Activity */,
				FEE4BFBA25110286000CA883 /* InitialViewController.swift */,
				FE6A960E2513A288006D94C1 /* NewVaccineViewController.swift */,
				7C14D7182510FDF0003F9069 /* NewPetViewController.swift */,
				68F13FEC251B70020034CE32 /* PetDetailsContoller.swift */,
				E93385CE2524424F008FEAF9 /* OnboardingController.swift */,
			);
			path = Controller;
			sourceTree = "<group>";
		};
		E9AC19892510E8DA00920DFC /* View */ = {
			isa = PBXGroup;
			children = (
				FEDE77C1252B43C400602EFD /* Components */,
				E9AC19912510FC6900920DFC /* Activity */,
				E93385C125237C95008FEAF9 /* Onboarding.swift */,
				FEE4BFB22510F5CD000CA883 /* Initial.swift */,
				7C14D7162510F745003F9069 /* NewPet.storyboard */,
				FE6A960925139F29006D94C1 /* NewVaccine.storyboard */,
				68F13FE9251A33250034CE32 /* PetDetails.storyboard */,
				E973E9FE250F96550077E9C0 /* Assets.xcassets */,
				E973EA00250F96550077E9C0 /* LaunchScreen.storyboard */,
			);
			path = View;
			sourceTree = "<group>";
		};
		E9AC198E2510F96300920DFC /* Activity */ = {
			isa = PBXGroup;
			children = (
				E93A64B22513A00B0024DCAA /* Details */,
				E9AC198F2510F9AF00920DFC /* ActivityController.swift */,
			);
			path = Activity;
			sourceTree = "<group>";
		};
		E9AC19912510FC6900920DFC /* Activity */ = {
			isa = PBXGroup;
			children = (
				E9DFCAFA2512CF7400F0430D /* Details */,
				E9A6D7B92512356300FFE94F /* ActivityView.swift */,
				E9A6D7BD25125DEB00FFE94F /* ActivityView+UITableViewDelegate+DataSource.swift */,
				E974DAA72514E62F00B5A14E /* DatePickerCell.swift */,
			);
			path = Activity;
			sourceTree = "<group>";
		};
		E9DFCAFA2512CF7400F0430D /* Details */ = {
			isa = PBXGroup;
			children = (
				E9F73D142518EF1500B00C39 /* StopRepeat */,
				E974DA9C2514D8FD00B5A14E /* DetailsView.swift */,
			);
			path = Details;
			sourceTree = "<group>";
		};
		E9F73D142518EF1500B00C39 /* StopRepeat */ = {
			isa = PBXGroup;
			children = (
				E9F73D032518D6ED00B00C39 /* StopRepeatDetails.swift */,
				E9F73D152518EF2800B00C39 /* PickerCell.swift */,
			);
			path = StopRepeat;
			sourceTree = "<group>";
		};
		FE9011502524A23C003EF740 /* Services */ = {
			isa = PBXGroup;
			children = (
				E9C3C0A0251B979E0071AF92 /* DataManager.swift */,
				FE9011512524A24E003EF740 /* EventManager.swift */,
				E9484BC4251A45710006256D /* Repository.swift */,
			);
			path = Services;
			sourceTree = "<group>";
		};
		FEDE77BC252B42C400602EFD /* Helpers */ = {
			isa = PBXGroup;
			children = (
				E9484BBF251A389A0006256D /* FileHelper.swift */,
			);
			path = Helpers;
			sourceTree = "<group>";
		};
		FEDE77BD252B42F100602EFD /* Xibs */ = {
			isa = PBXGroup;
			children = (
				FEDE77CF252B463900602EFD /* PetCollectonCell */,
				FEDE77C0252B432200602EFD /* InitialActivityCollectionCell */,
				FEDE77BF252B431300602EFD /* ActivityCollectionCell */,
				FEDE77BE252B42FD00602EFD /* VaccineCollectionCell */,
			);
			path = Xibs;
			sourceTree = "<group>";
		};
		FEDE77BE252B42FD00602EFD /* VaccineCollectionCell */ = {
			isa = PBXGroup;
			children = (
				FEB59584251B77D30011B23A /* VaccineCollectionCell.swift */,
				FEB59585251B77D30011B23A /* VaccineCollectionCell.xib */,
			);
			path = VaccineCollectionCell;
			sourceTree = "<group>";
		};
		FEDE77BF252B431300602EFD /* ActivityCollectionCell */ = {
			isa = PBXGroup;
			children = (
				FEB59578251B77A10011B23A /* ActivityCollectionCell.swift */,
				FEB59579251B77A10011B23A /* ActivityCollectionCell.xib */,
			);
			path = ActivityCollectionCell;
			sourceTree = "<group>";
		};
		FEDE77C0252B432200602EFD /* InitialActivityCollectionCell */ = {
			isa = PBXGroup;
			children = (
				FE5DDBAA2512494C005A5040 /* InitialActivityCollectionCell.swift */,
				FE5DDBAB2512494C005A5040 /* InitialActivityCollectionCell.xib */,
			);
			path = InitialActivityCollectionCell;
			sourceTree = "<group>";
		};
		FEDE77C1252B43C400602EFD /* Components */ = {
			isa = PBXGroup;
			children = (
				FEDE77BD252B42F100602EFD /* Xibs */,
				FED22D07251E400B004CDCF9 /* ActivitiesCollection.swift */,
				FE5DDBB025126B77005A5040 /* InitialActivitiesCollection.swift */,
				E93385C925243BED008FEAF9 /* OnboardingCell.swift */,
				FE5DDBA425123CA3005A5040 /* PetsCollection.swift */,
				FED22D11251E4A3D004CDCF9 /* PetDeatilsProfileContainer.swift */,
				FED22D0C251E401A004CDCF9 /* VaccineCollection.swift */,
			);
			path = Components;
			sourceTree = "<group>";
		};
		FEDE77C8252B451C00602EFD /* Shared */ = {
			isa = PBXGroup;
			children = (
				E973E9F5250F96540077E9C0 /* AppDelegate.swift */,
				E973E9F7250F96540077E9C0 /* SceneDelegate.swift */,
				FEE4BFBC2511068C000CA883 /* Config.swift */,
			);
			path = Shared;
			sourceTree = "<group>";
		};
		FEDE77CF252B463900602EFD /* PetCollectonCell */ = {
			isa = PBXGroup;
			children = (
				FE5DDBA625124933005A5040 /* PetCollectionCell.swift */,
				FE5DDBA725124933005A5040 /* PetCollectionCell.xib */,
			);
			path = PetCollectonCell;
			sourceTree = "<group>";
		};
		FEE4BFB42510FEAF000CA883 /* Utils */ = {
			isa = PBXGroup;
			children = (
				FEDE77BC252B42C400602EFD /* Helpers */,
				FEE4BFB62510FECF000CA883 /* Extensions */,
				FEE4BFB52510FEC8000CA883 /* Protocols */,
			);
			path = Utils;
			sourceTree = "<group>";
		};
		FEE4BFB52510FEC8000CA883 /* Protocols */ = {
			isa = PBXGroup;
			children = (
				E9484BC9251A457B0006256D /* RepositoryItem.swift */,
				E93A64BB2513A26F0024DCAA /* ActivityDetailsDelegate.swift */,
				E9FE97EC2524D99500387141 /* PetDelegate.swift */,
				FE6A96132513A711006D94C1 /* VaccinceDelegate.swift */,
				FE706A5D2524F70300FFC0A7 /* InitialDelegate.swift */,
			);
			path = Protocols;
			sourceTree = "<group>";
		};
		FEE4BFB62510FECF000CA883 /* Extensions */ = {
			isa = PBXGroup;
			children = (
				FE5DDBAE25125E32005A5040 /* Colors.swift */,
			);
			path = Extensions;
			sourceTree = "<group>";
		};
/* End PBXGroup section */

/* Begin PBXNativeTarget section */
		E973E9F1250F96540077E9C0 /* DetailsMatter */ = {
			isa = PBXNativeTarget;
			buildConfigurationList = E973EA06250F96550077E9C0 /* Build configuration list for PBXNativeTarget "DetailsMatter" */;
			buildPhases = (
				E973E9EE250F96540077E9C0 /* Sources */,
				E973E9EF250F96540077E9C0 /* Frameworks */,
				E973E9F0250F96540077E9C0 /* Resources */,
				E973EA09250F997C0077E9C0 /* ShellScript */,
			);
			buildRules = (
			);
			dependencies = (
			);
			name = DetailsMatter;
			productName = DetailsMatter;
			productReference = E973E9F2250F96540077E9C0 /* DetailsMatter.app */;
			productType = "com.apple.product-type.application";
		};
		E973EA0D250F9C0A0077E9C0 /* DetailsMatterTests */ = {
			isa = PBXNativeTarget;
			buildConfigurationList = E973EA15250F9C0A0077E9C0 /* Build configuration list for PBXNativeTarget "DetailsMatterTests" */;
			buildPhases = (
				E973EA0A250F9C0A0077E9C0 /* Sources */,
				E973EA0B250F9C0A0077E9C0 /* Frameworks */,
				E973EA0C250F9C0A0077E9C0 /* Resources */,
			);
			buildRules = (
			);
			dependencies = (
				E973EA14250F9C0A0077E9C0 /* PBXTargetDependency */,
			);
			name = DetailsMatterTests;
			productName = DetailsMatterTests;
			productReference = E973EA0E250F9C0A0077E9C0 /* DetailsMatterTests.xctest */;
			productType = "com.apple.product-type.bundle.unit-test";
		};
		E973EA1B250F9C240077E9C0 /* DetailsMatterUITests */ = {
			isa = PBXNativeTarget;
			buildConfigurationList = E973EA23250F9C240077E9C0 /* Build configuration list for PBXNativeTarget "DetailsMatterUITests" */;
			buildPhases = (
				E973EA18250F9C240077E9C0 /* Sources */,
				E973EA19250F9C240077E9C0 /* Frameworks */,
				E973EA1A250F9C240077E9C0 /* Resources */,
			);
			buildRules = (
			);
			dependencies = (
				E973EA22250F9C240077E9C0 /* PBXTargetDependency */,
			);
			name = DetailsMatterUITests;
			productName = DetailsMatterUITests;
			productReference = E973EA1C250F9C240077E9C0 /* DetailsMatterUITests.xctest */;
			productType = "com.apple.product-type.bundle.ui-testing";
		};
/* End PBXNativeTarget section */

/* Begin PBXProject section */
		E973E9EA250F96540077E9C0 /* Project object */ = {
			isa = PBXProject;
			attributes = {
				LastSwiftUpdateCheck = 1170;
				LastUpgradeCheck = 1200;
				ORGANIZATIONNAME = "Tales Conrado";
				TargetAttributes = {
					E973E9F1250F96540077E9C0 = {
						CreatedOnToolsVersion = 11.7;
					};
					E973EA0D250F9C0A0077E9C0 = {
						CreatedOnToolsVersion = 11.7;
						TestTargetID = E973E9F1250F96540077E9C0;
					};
					E973EA1B250F9C240077E9C0 = {
						CreatedOnToolsVersion = 11.7;
						TestTargetID = E973E9F1250F96540077E9C0;
					};
				};
			};
			buildConfigurationList = E973E9ED250F96540077E9C0 /* Build configuration list for PBXProject "DetailsMatter" */;
			compatibilityVersion = "Xcode 9.3";
			developmentRegion = en;
			hasScannedForEncodings = 0;
			knownRegions = (
				en,
				Base,
			);
			mainGroup = E973E9E9250F96540077E9C0;
			productRefGroup = E973E9F3250F96540077E9C0 /* Products */;
			projectDirPath = "";
			projectRoot = "";
			targets = (
				E973E9F1250F96540077E9C0 /* DetailsMatter */,
				E973EA0D250F9C0A0077E9C0 /* DetailsMatterTests */,
				E973EA1B250F9C240077E9C0 /* DetailsMatterUITests */,
			);
		};
/* End PBXProject section */

/* Begin PBXResourcesBuildPhase section */
		E973E9F0250F96540077E9C0 /* Resources */ = {
			isa = PBXResourcesBuildPhase;
			buildActionMask = 2147483647;
			files = (
				68F13FEA251A33250034CE32 /* PetDetails.storyboard in Resources */,
				FE5DDBA925124933005A5040 /* PetCollectionCell.xib in Resources */,
				FEB59587251B77D30011B23A /* VaccineCollectionCell.xib in Resources */,
				FE5DDBAD2512494C005A5040 /* InitialActivityCollectionCell.xib in Resources */,
				FEB5957B251B77A10011B23A /* ActivityCollectionCell.xib in Resources */,
				FE5DDBAD2512494C005A5040 /* InitialActivityCollectionCell.xib in Resources */,
				E973EA02250F96550077E9C0 /* LaunchScreen.storyboard in Resources */,
				7C14D7172510F745003F9069 /* NewPet.storyboard in Resources */,
				E973E9FF250F96550077E9C0 /* Assets.xcassets in Resources */,
				FE6A960A25139F29006D94C1 /* NewVaccine.storyboard in Resources */,
			);
			runOnlyForDeploymentPostprocessing = 0;
		};
		E973EA0C250F9C0A0077E9C0 /* Resources */ = {
			isa = PBXResourcesBuildPhase;
			buildActionMask = 2147483647;
			files = (
			);
			runOnlyForDeploymentPostprocessing = 0;
		};
		E973EA1A250F9C240077E9C0 /* Resources */ = {
			isa = PBXResourcesBuildPhase;
			buildActionMask = 2147483647;
			files = (
			);
			runOnlyForDeploymentPostprocessing = 0;
		};
/* End PBXResourcesBuildPhase section */

/* Begin PBXShellScriptBuildPhase section */
		E973EA09250F997C0077E9C0 /* ShellScript */ = {
			isa = PBXShellScriptBuildPhase;
			buildActionMask = 2147483647;
			files = (
			);
			inputFileListPaths = (
			);
			inputPaths = (
			);
			outputFileListPaths = (
			);
			outputPaths = (
			);
			runOnlyForDeploymentPostprocessing = 0;
			shellPath = /bin/sh;
			shellScript = "if which swiftlint >/dev/null; then\n  swiftlint\nelse\n  echo \"warning: SwiftLint not installed, download from https://github.com/realm/SwiftLint\"\nfi\n";
		};
/* End PBXShellScriptBuildPhase section */

/* Begin PBXSourcesBuildPhase section */
		E973E9EE250F96540077E9C0 /* Sources */ = {
			isa = PBXSourcesBuildPhase;
			buildActionMask = 2147483647;
			files = (
				FEF0B1492518DE6B002775CF /* ActivityModel.swift in Sources */,
				FEF0B13F2518DE30002775CF /* PetModel.swift in Sources */,
				FEF0B1442518DE55002775CF /* VaccineModel.swift in Sources */,
				E93A64BC2513A26F0024DCAA /* ActivityDetailsDelegate.swift in Sources */,
				FE5DDBA525123CA3005A5040 /* PetsCollection.swift in Sources */,
				E9F73CFC2518D47E00B00C39 /* StopRepeatDetailsController.swift in Sources */,
				E93807132513B735007C25B3 /* ActivityValues.swift in Sources */,
				FE5DDBAF25125E32005A5040 /* Colors.swift in Sources */,
				68F13FED251B70020034CE32 /* PetDetailsContoller.swift in Sources */,
				FE5DDBAC2512494C005A5040 /* InitialActivityCollectionCell.swift in Sources */,
				E9484BC0251A389A0006256D /* FileHelper.swift in Sources */,
				FE9011522524A24E003EF740 /* EventManager.swift in Sources */,
				FE5DDBB125126B77005A5040 /* InitialActivitiesCollection.swift in Sources */,
				E9A6D7BE25125DEB00FFE94F /* ActivityView+UITableViewDelegate+DataSource.swift in Sources */,
				E974DA9D2514D8FD00B5A14E /* DetailsView.swift in Sources */,
				E973E9F6250F96540077E9C0 /* AppDelegate.swift in Sources */,
				E974DA982514D8E900B5A14E /* CategoryDetailsController.swift in Sources */,
				FEB5957A251B77A10011B23A /* ActivityCollectionCell.swift in Sources */,
				FE6A960F2513A288006D94C1 /* NewVaccineViewController.swift in Sources */,
				E9FE97ED2524D99500387141 /* PetDelegate.swift in Sources */,
				E9484BC5251A45710006256D /* Repository.swift in Sources */,
				FEE4BFBD2511068C000CA883 /* Config.swift in Sources */,
				FEE4BFBB25110286000CA883 /* InitialViewController.swift in Sources */,
				E93385CF2524424F008FEAF9 /* OnboardingController.swift in Sources */,
				FEE4BFB32510F5CD000CA883 /* Initial.swift in Sources */,
				E973E9F8250F96540077E9C0 /* SceneDelegate.swift in Sources */,
				7C14D7192510FDF0003F9069 /* NewPetViewController.swift in Sources */,
				FEB59586251B77D30011B23A /* VaccineCollectionCell.swift in Sources */,
				E9AC19902510F9AF00920DFC /* ActivityController.swift in Sources */,
				E93385CA25243BED008FEAF9 /* OnboardingCell.swift in Sources */,
				FED22D0D251E401A004CDCF9 /* VaccineCollection.swift in Sources */,
				E9F73D162518EF2800B00C39 /* PickerCell.swift in Sources */,
				FE6A96142513A711006D94C1 /* VaccinceDelegate.swift in Sources */,
				FE706A5E2524F70300FFC0A7 /* InitialDelegate.swift in Sources */,
				FED22D08251E400B004CDCF9 /* ActivitiesCollection.swift in Sources */,
				FE5DDBA825124933005A5040 /* PetCollectionCell.swift in Sources */,
				E9484BCA251A457B0006256D /* RepositoryItem.swift in Sources */,
				E93A64B42513A01E0024DCAA /* RepeatDetailsController.swift in Sources */,
				E93385C225237C95008FEAF9 /* Onboarding.swift in Sources */,
				E9F73D042518D6ED00B00C39 /* StopRepeatDetails.swift in Sources */,
				FED22D12251E4A3D004CDCF9 /* PetDeatilsProfileContainer.swift in Sources */,
				E9A6D7BA2512356300FFE94F /* ActivityView.swift in Sources */,
				E9C3C0A1251B979E0071AF92 /* DataManager.swift in Sources */,
				E974DAA82514E62F00B5A14E /* DatePickerCell.swift in Sources */,
			);
			runOnlyForDeploymentPostprocessing = 0;
		};
		E973EA0A250F9C0A0077E9C0 /* Sources */ = {
			isa = PBXSourcesBuildPhase;
			buildActionMask = 2147483647;
			files = (
				E955ABE725222B82004E4469 /* ActivityRepositoryTests.swift in Sources */,
				E94BD0ED251CE745009DD22C /* ActivityControllerTests.swift in Sources */,
				E973EA11250F9C0A0077E9C0 /* DetailsMatterTests.swift in Sources */,
			);
			runOnlyForDeploymentPostprocessing = 0;
		};
		E973EA18250F9C240077E9C0 /* Sources */ = {
			isa = PBXSourcesBuildPhase;
			buildActionMask = 2147483647;
			files = (
				E973EA1F250F9C240077E9C0 /* DetailsMatterUITests.swift in Sources */,
			);
			runOnlyForDeploymentPostprocessing = 0;
		};
/* End PBXSourcesBuildPhase section */

/* Begin PBXTargetDependency section */
		E973EA14250F9C0A0077E9C0 /* PBXTargetDependency */ = {
			isa = PBXTargetDependency;
			target = E973E9F1250F96540077E9C0 /* DetailsMatter */;
			targetProxy = E973EA13250F9C0A0077E9C0 /* PBXContainerItemProxy */;
		};
		E973EA22250F9C240077E9C0 /* PBXTargetDependency */ = {
			isa = PBXTargetDependency;
			target = E973E9F1250F96540077E9C0 /* DetailsMatter */;
			targetProxy = E973EA21250F9C240077E9C0 /* PBXContainerItemProxy */;
		};
/* End PBXTargetDependency section */

/* Begin PBXVariantGroup section */
		E973EA00250F96550077E9C0 /* LaunchScreen.storyboard */ = {
			isa = PBXVariantGroup;
			children = (
				E973EA01250F96550077E9C0 /* Base */,
			);
			name = LaunchScreen.storyboard;
			sourceTree = "<group>";
		};
/* End PBXVariantGroup section */

/* Begin XCBuildConfiguration section */
		E973EA04250F96550077E9C0 /* Debug */ = {
			isa = XCBuildConfiguration;
			buildSettings = {
				ALWAYS_SEARCH_USER_PATHS = NO;
				CLANG_ANALYZER_NONNULL = YES;
				CLANG_ANALYZER_NUMBER_OBJECT_CONVERSION = YES_AGGRESSIVE;
				CLANG_CXX_LANGUAGE_STANDARD = "gnu++14";
				CLANG_CXX_LIBRARY = "libc++";
				CLANG_ENABLE_MODULES = YES;
				CLANG_ENABLE_OBJC_ARC = YES;
				CLANG_ENABLE_OBJC_WEAK = YES;
				CLANG_WARN_BLOCK_CAPTURE_AUTORELEASING = YES;
				CLANG_WARN_BOOL_CONVERSION = YES;
				CLANG_WARN_COMMA = YES;
				CLANG_WARN_CONSTANT_CONVERSION = YES;
				CLANG_WARN_DEPRECATED_OBJC_IMPLEMENTATIONS = YES;
				CLANG_WARN_DIRECT_OBJC_ISA_USAGE = YES_ERROR;
				CLANG_WARN_DOCUMENTATION_COMMENTS = YES;
				CLANG_WARN_EMPTY_BODY = YES;
				CLANG_WARN_ENUM_CONVERSION = YES;
				CLANG_WARN_INFINITE_RECURSION = YES;
				CLANG_WARN_INT_CONVERSION = YES;
				CLANG_WARN_NON_LITERAL_NULL_CONVERSION = YES;
				CLANG_WARN_OBJC_IMPLICIT_RETAIN_SELF = YES;
				CLANG_WARN_OBJC_LITERAL_CONVERSION = YES;
				CLANG_WARN_OBJC_ROOT_CLASS = YES_ERROR;
				CLANG_WARN_QUOTED_INCLUDE_IN_FRAMEWORK_HEADER = YES;
				CLANG_WARN_RANGE_LOOP_ANALYSIS = YES;
				CLANG_WARN_STRICT_PROTOTYPES = YES;
				CLANG_WARN_SUSPICIOUS_MOVE = YES;
				CLANG_WARN_UNGUARDED_AVAILABILITY = YES_AGGRESSIVE;
				CLANG_WARN_UNREACHABLE_CODE = YES;
				CLANG_WARN__DUPLICATE_METHOD_MATCH = YES;
				COPY_PHASE_STRIP = NO;
				DEBUG_INFORMATION_FORMAT = dwarf;
				ENABLE_STRICT_OBJC_MSGSEND = YES;
				ENABLE_TESTABILITY = YES;
				GCC_C_LANGUAGE_STANDARD = gnu11;
				GCC_DYNAMIC_NO_PIC = NO;
				GCC_NO_COMMON_BLOCKS = YES;
				GCC_OPTIMIZATION_LEVEL = 0;
				GCC_PREPROCESSOR_DEFINITIONS = (
					"DEBUG=1",
					"$(inherited)",
				);
				GCC_WARN_64_TO_32_BIT_CONVERSION = YES;
				GCC_WARN_ABOUT_RETURN_TYPE = YES_ERROR;
				GCC_WARN_UNDECLARED_SELECTOR = YES;
				GCC_WARN_UNINITIALIZED_AUTOS = YES_AGGRESSIVE;
				GCC_WARN_UNUSED_FUNCTION = YES;
				GCC_WARN_UNUSED_VARIABLE = YES;
				IPHONEOS_DEPLOYMENT_TARGET = 13.6;
				MTL_ENABLE_DEBUG_INFO = INCLUDE_SOURCE;
				MTL_FAST_MATH = YES;
				ONLY_ACTIVE_ARCH = YES;
				SDKROOT = iphoneos;
				SWIFT_ACTIVE_COMPILATION_CONDITIONS = DEBUG;
				SWIFT_OPTIMIZATION_LEVEL = "-Onone";
			};
			name = Debug;
		};
		E973EA05250F96550077E9C0 /* Release */ = {
			isa = XCBuildConfiguration;
			buildSettings = {
				ALWAYS_SEARCH_USER_PATHS = NO;
				CLANG_ANALYZER_NONNULL = YES;
				CLANG_ANALYZER_NUMBER_OBJECT_CONVERSION = YES_AGGRESSIVE;
				CLANG_CXX_LANGUAGE_STANDARD = "gnu++14";
				CLANG_CXX_LIBRARY = "libc++";
				CLANG_ENABLE_MODULES = YES;
				CLANG_ENABLE_OBJC_ARC = YES;
				CLANG_ENABLE_OBJC_WEAK = YES;
				CLANG_WARN_BLOCK_CAPTURE_AUTORELEASING = YES;
				CLANG_WARN_BOOL_CONVERSION = YES;
				CLANG_WARN_COMMA = YES;
				CLANG_WARN_CONSTANT_CONVERSION = YES;
				CLANG_WARN_DEPRECATED_OBJC_IMPLEMENTATIONS = YES;
				CLANG_WARN_DIRECT_OBJC_ISA_USAGE = YES_ERROR;
				CLANG_WARN_DOCUMENTATION_COMMENTS = YES;
				CLANG_WARN_EMPTY_BODY = YES;
				CLANG_WARN_ENUM_CONVERSION = YES;
				CLANG_WARN_INFINITE_RECURSION = YES;
				CLANG_WARN_INT_CONVERSION = YES;
				CLANG_WARN_NON_LITERAL_NULL_CONVERSION = YES;
				CLANG_WARN_OBJC_IMPLICIT_RETAIN_SELF = YES;
				CLANG_WARN_OBJC_LITERAL_CONVERSION = YES;
				CLANG_WARN_OBJC_ROOT_CLASS = YES_ERROR;
				CLANG_WARN_QUOTED_INCLUDE_IN_FRAMEWORK_HEADER = YES;
				CLANG_WARN_RANGE_LOOP_ANALYSIS = YES;
				CLANG_WARN_STRICT_PROTOTYPES = YES;
				CLANG_WARN_SUSPICIOUS_MOVE = YES;
				CLANG_WARN_UNGUARDED_AVAILABILITY = YES_AGGRESSIVE;
				CLANG_WARN_UNREACHABLE_CODE = YES;
				CLANG_WARN__DUPLICATE_METHOD_MATCH = YES;
				COPY_PHASE_STRIP = NO;
				DEBUG_INFORMATION_FORMAT = "dwarf-with-dsym";
				ENABLE_NS_ASSERTIONS = NO;
				ENABLE_STRICT_OBJC_MSGSEND = YES;
				GCC_C_LANGUAGE_STANDARD = gnu11;
				GCC_NO_COMMON_BLOCKS = YES;
				GCC_WARN_64_TO_32_BIT_CONVERSION = YES;
				GCC_WARN_ABOUT_RETURN_TYPE = YES_ERROR;
				GCC_WARN_UNDECLARED_SELECTOR = YES;
				GCC_WARN_UNINITIALIZED_AUTOS = YES_AGGRESSIVE;
				GCC_WARN_UNUSED_FUNCTION = YES;
				GCC_WARN_UNUSED_VARIABLE = YES;
				IPHONEOS_DEPLOYMENT_TARGET = 13.6;
				MTL_ENABLE_DEBUG_INFO = NO;
				MTL_FAST_MATH = YES;
				SDKROOT = iphoneos;
				SWIFT_COMPILATION_MODE = wholemodule;
				SWIFT_OPTIMIZATION_LEVEL = "-O";
				VALIDATE_PRODUCT = YES;
			};
			name = Release;
		};
		E973EA07250F96550077E9C0 /* Debug */ = {
			isa = XCBuildConfiguration;
			buildSettings = {
				ASSETCATALOG_COMPILER_APPICON_NAME = AppIcon;
				CODE_SIGN_STYLE = Automatic;
				DEVELOPMENT_TEAM = BABNQ3LD22;
				INFOPLIST_FILE = DetailsMatter/Info.plist;
				IPHONEOS_DEPLOYMENT_TARGET = 13.6;
				LD_RUNPATH_SEARCH_PATHS = (
					"$(inherited)",
					"@executable_path/Frameworks",
				);
				PRODUCT_BUNDLE_IDENTIFIER = com.talesconrado.DetailsMatter;
				PRODUCT_NAME = "$(TARGET_NAME)";
				SWIFT_VERSION = 5.0;
				TARGETED_DEVICE_FAMILY = 1;
			};
			name = Debug;
		};
		E973EA08250F96550077E9C0 /* Release */ = {
			isa = XCBuildConfiguration;
			buildSettings = {
				ASSETCATALOG_COMPILER_APPICON_NAME = AppIcon;
				CODE_SIGN_STYLE = Automatic;
				DEVELOPMENT_TEAM = BABNQ3LD22;
				INFOPLIST_FILE = DetailsMatter/Info.plist;
				IPHONEOS_DEPLOYMENT_TARGET = 13.6;
				LD_RUNPATH_SEARCH_PATHS = (
					"$(inherited)",
					"@executable_path/Frameworks",
				);
				PRODUCT_BUNDLE_IDENTIFIER = com.talesconrado.DetailsMatter;
				PRODUCT_NAME = "$(TARGET_NAME)";
				SWIFT_VERSION = 5.0;
				TARGETED_DEVICE_FAMILY = 1;
			};
			name = Release;
		};
		E973EA16250F9C0A0077E9C0 /* Debug */ = {
			isa = XCBuildConfiguration;
			buildSettings = {
				BUNDLE_LOADER = "$(TEST_HOST)";
				CODE_SIGN_STYLE = Automatic;
				DEVELOPMENT_TEAM = BABNQ3LD22;
				INFOPLIST_FILE = DetailsMatterTests/Info.plist;
				LD_RUNPATH_SEARCH_PATHS = (
					"$(inherited)",
					"@executable_path/Frameworks",
					"@loader_path/Frameworks",
				);
				PRODUCT_BUNDLE_IDENTIFIER = com.talesconrado.DetailsMatterTests;
				PRODUCT_NAME = "$(TARGET_NAME)";
				SWIFT_VERSION = 5.0;
				TARGETED_DEVICE_FAMILY = "1,2";
				TEST_HOST = "$(BUILT_PRODUCTS_DIR)/DetailsMatter.app/DetailsMatter";
			};
			name = Debug;
		};
		E973EA17250F9C0A0077E9C0 /* Release */ = {
			isa = XCBuildConfiguration;
			buildSettings = {
				BUNDLE_LOADER = "$(TEST_HOST)";
				CODE_SIGN_STYLE = Automatic;
				DEVELOPMENT_TEAM = BABNQ3LD22;
				INFOPLIST_FILE = DetailsMatterTests/Info.plist;
				LD_RUNPATH_SEARCH_PATHS = (
					"$(inherited)",
					"@executable_path/Frameworks",
					"@loader_path/Frameworks",
				);
				PRODUCT_BUNDLE_IDENTIFIER = com.talesconrado.DetailsMatterTests;
				PRODUCT_NAME = "$(TARGET_NAME)";
				SWIFT_VERSION = 5.0;
				TARGETED_DEVICE_FAMILY = "1,2";
				TEST_HOST = "$(BUILT_PRODUCTS_DIR)/DetailsMatter.app/DetailsMatter";
			};
			name = Release;
		};
		E973EA24250F9C240077E9C0 /* Debug */ = {
			isa = XCBuildConfiguration;
			buildSettings = {
				CODE_SIGN_STYLE = Automatic;
				DEVELOPMENT_TEAM = BABNQ3LD22;
				INFOPLIST_FILE = DetailsMatterUITests/Info.plist;
				LD_RUNPATH_SEARCH_PATHS = (
					"$(inherited)",
					"@executable_path/Frameworks",
					"@loader_path/Frameworks",
				);
				PRODUCT_BUNDLE_IDENTIFIER = com.talesconrado.DetailsMatterUITests;
				PRODUCT_NAME = "$(TARGET_NAME)";
				SWIFT_VERSION = 5.0;
				TARGETED_DEVICE_FAMILY = "1,2";
				TEST_TARGET_NAME = DetailsMatter;
			};
			name = Debug;
		};
		E973EA25250F9C240077E9C0 /* Release */ = {
			isa = XCBuildConfiguration;
			buildSettings = {
				CODE_SIGN_STYLE = Automatic;
				DEVELOPMENT_TEAM = BABNQ3LD22;
				INFOPLIST_FILE = DetailsMatterUITests/Info.plist;
				LD_RUNPATH_SEARCH_PATHS = (
					"$(inherited)",
					"@executable_path/Frameworks",
					"@loader_path/Frameworks",
				);
				PRODUCT_BUNDLE_IDENTIFIER = com.talesconrado.DetailsMatterUITests;
				PRODUCT_NAME = "$(TARGET_NAME)";
				SWIFT_VERSION = 5.0;
				TARGETED_DEVICE_FAMILY = "1,2";
				TEST_TARGET_NAME = DetailsMatter;
			};
			name = Release;
		};
/* End XCBuildConfiguration section */

/* Begin XCConfigurationList section */
		E973E9ED250F96540077E9C0 /* Build configuration list for PBXProject "DetailsMatter" */ = {
			isa = XCConfigurationList;
			buildConfigurations = (
				E973EA04250F96550077E9C0 /* Debug */,
				E973EA05250F96550077E9C0 /* Release */,
			);
			defaultConfigurationIsVisible = 0;
			defaultConfigurationName = Release;
		};
		E973EA06250F96550077E9C0 /* Build configuration list for PBXNativeTarget "DetailsMatter" */ = {
			isa = XCConfigurationList;
			buildConfigurations = (
				E973EA07250F96550077E9C0 /* Debug */,
				E973EA08250F96550077E9C0 /* Release */,
			);
			defaultConfigurationIsVisible = 0;
			defaultConfigurationName = Release;
		};
		E973EA15250F9C0A0077E9C0 /* Build configuration list for PBXNativeTarget "DetailsMatterTests" */ = {
			isa = XCConfigurationList;
			buildConfigurations = (
				E973EA16250F9C0A0077E9C0 /* Debug */,
				E973EA17250F9C0A0077E9C0 /* Release */,
			);
			defaultConfigurationIsVisible = 0;
			defaultConfigurationName = Release;
		};
		E973EA23250F9C240077E9C0 /* Build configuration list for PBXNativeTarget "DetailsMatterUITests" */ = {
			isa = XCConfigurationList;
			buildConfigurations = (
				E973EA24250F9C240077E9C0 /* Debug */,
				E973EA25250F9C240077E9C0 /* Release */,
			);
			defaultConfigurationIsVisible = 0;
			defaultConfigurationName = Release;
		};
/* End XCConfigurationList section */
	};
	rootObject = E973E9EA250F96540077E9C0 /* Project object */;
}
