// !$*UTF8*$!
{
	archiveVersion = 1;
	classes = {
	};
	objectVersion = 50;
	objects = {

/* Begin PBXBuildFile section */
		E973E9F6250F96540077E9C0 /* AppDelegate.swift in Sources */ = {isa = PBXBuildFile; fileRef = E973E9F5250F96540077E9C0 /* AppDelegate.swift */; };
		E973E9F8250F96540077E9C0 /* SceneDelegate.swift in Sources */ = {isa = PBXBuildFile; fileRef = E973E9F7250F96540077E9C0 /* SceneDelegate.swift */; };
		E973E9FA250F96540077E9C0 /* ViewController.swift in Sources */ = {isa = PBXBuildFile; fileRef = E973E9F9250F96540077E9C0 /* ViewController.swift */; };
		E973E9FF250F96550077E9C0 /* Assets.xcassets in Resources */ = {isa = PBXBuildFile; fileRef = E973E9FE250F96550077E9C0 /* Assets.xcassets */; };
		E973EA02250F96550077E9C0 /* LaunchScreen.storyboard in Resources */ = {isa = PBXBuildFile; fileRef = E973EA00250F96550077E9C0 /* LaunchScreen.storyboard */; };
		E973EA11250F9C0A0077E9C0 /* DetailsMatterTests.swift in Sources */ = {isa = PBXBuildFile; fileRef = E973EA10250F9C0A0077E9C0 /* DetailsMatterTests.swift */; };
		E973EA1F250F9C240077E9C0 /* DetailsMatterUITests.swift in Sources */ = {isa = PBXBuildFile; fileRef = E973EA1E250F9C240077E9C0 /* DetailsMatterUITests.swift */; };
		FE5DDBA525123CA3005A5040 /* PetsCollection.swift in Sources */ = {isa = PBXBuildFile; fileRef = FE5DDBA425123CA3005A5040 /* PetsCollection.swift */; };
		FE5DDBA825124933005A5040 /* PetCollectionCell.swift in Sources */ = {isa = PBXBuildFile; fileRef = FE5DDBA625124933005A5040 /* PetCollectionCell.swift */; };
		FE5DDBA925124933005A5040 /* PetCollectionCell.xib in Resources */ = {isa = PBXBuildFile; fileRef = FE5DDBA725124933005A5040 /* PetCollectionCell.xib */; };
		FE5DDBAC2512494C005A5040 /* ReminderCollectionCell.swift in Sources */ = {isa = PBXBuildFile; fileRef = FE5DDBAA2512494C005A5040 /* ReminderCollectionCell.swift */; };
		FE5DDBAD2512494C005A5040 /* ReminderCollectionCell.xib in Resources */ = {isa = PBXBuildFile; fileRef = FE5DDBAB2512494C005A5040 /* ReminderCollectionCell.xib */; };
		FE5DDBAF25125E32005A5040 /* Colors.swift in Sources */ = {isa = PBXBuildFile; fileRef = FE5DDBAE25125E32005A5040 /* Colors.swift */; };
		FE5DDBB125126B77005A5040 /* RemindersCollection.swift in Sources */ = {isa = PBXBuildFile; fileRef = FE5DDBB025126B77005A5040 /* RemindersCollection.swift */; };
		FEE4BFB32510F5CD000CA883 /* Initial.swift in Sources */ = {isa = PBXBuildFile; fileRef = FEE4BFB22510F5CD000CA883 /* Initial.swift */; };
		FEE4BFBB25110286000CA883 /* InitialViewController.swift in Sources */ = {isa = PBXBuildFile; fileRef = FEE4BFBA25110286000CA883 /* InitialViewController.swift */; };
		FEE4BFBD2511068C000CA883 /* Config.swift in Sources */ = {isa = PBXBuildFile; fileRef = FEE4BFBC2511068C000CA883 /* Config.swift */; };
		E9AC198D2510EAE500920DFC /* Model.swift in Sources */ = {isa = PBXBuildFile; fileRef = E9AC198C2510EAE500920DFC /* Model.swift */; };
/* End PBXBuildFile section */

/* Begin PBXContainerItemProxy section */
		E973EA13250F9C0A0077E9C0 /* PBXContainerItemProxy */ = {
			isa = PBXContainerItemProxy;
			containerPortal = E973E9EA250F96540077E9C0 /* Project object */;
			proxyType = 1;
			remoteGlobalIDString = E973E9F1250F96540077E9C0;
			remoteInfo = DetailsMatter;
		};
		E973EA21250F9C240077E9C0 /* PBXContainerItemProxy */ = {
			isa = PBXContainerItemProxy;
			containerPortal = E973E9EA250F96540077E9C0 /* Project object */;
			proxyType = 1;
			remoteGlobalIDString = E973E9F1250F96540077E9C0;
			remoteInfo = DetailsMatter;
		};
/* End PBXContainerItemProxy section */

/* Begin PBXFileReference section */
		E973E9F2250F96540077E9C0 /* DetailsMatter.app */ = {isa = PBXFileReference; explicitFileType = wrapper.application; includeInIndex = 0; path = DetailsMatter.app; sourceTree = BUILT_PRODUCTS_DIR; };
		E973E9F5250F96540077E9C0 /* AppDelegate.swift */ = {isa = PBXFileReference; lastKnownFileType = sourcecode.swift; path = AppDelegate.swift; sourceTree = "<group>"; };
		E973E9F7250F96540077E9C0 /* SceneDelegate.swift */ = {isa = PBXFileReference; lastKnownFileType = sourcecode.swift; path = SceneDelegate.swift; sourceTree = "<group>"; };
		E973E9F9250F96540077E9C0 /* ViewController.swift */ = {isa = PBXFileReference; lastKnownFileType = sourcecode.swift; path = ViewController.swift; sourceTree = "<group>"; };
		E973E9FE250F96550077E9C0 /* Assets.xcassets */ = {isa = PBXFileReference; lastKnownFileType = folder.assetcatalog; path = Assets.xcassets; sourceTree = "<group>"; };
		E973EA01250F96550077E9C0 /* Base */ = {isa = PBXFileReference; lastKnownFileType = file.storyboard; name = Base; path = Base.lproj/LaunchScreen.storyboard; sourceTree = "<group>"; };
		E973EA03250F96550077E9C0 /* Info.plist */ = {isa = PBXFileReference; lastKnownFileType = text.plist.xml; path = Info.plist; sourceTree = "<group>"; };
		E973EA0E250F9C0A0077E9C0 /* DetailsMatterTests.xctest */ = {isa = PBXFileReference; explicitFileType = wrapper.cfbundle; includeInIndex = 0; path = DetailsMatterTests.xctest; sourceTree = BUILT_PRODUCTS_DIR; };
		E973EA10250F9C0A0077E9C0 /* DetailsMatterTests.swift */ = {isa = PBXFileReference; lastKnownFileType = sourcecode.swift; path = DetailsMatterTests.swift; sourceTree = "<group>"; };
		E973EA12250F9C0A0077E9C0 /* Info.plist */ = {isa = PBXFileReference; lastKnownFileType = text.plist.xml; path = Info.plist; sourceTree = "<group>"; };
		E973EA1C250F9C240077E9C0 /* DetailsMatterUITests.xctest */ = {isa = PBXFileReference; explicitFileType = wrapper.cfbundle; includeInIndex = 0; path = DetailsMatterUITests.xctest; sourceTree = BUILT_PRODUCTS_DIR; };
		E973EA1E250F9C240077E9C0 /* DetailsMatterUITests.swift */ = {isa = PBXFileReference; lastKnownFileType = sourcecode.swift; path = DetailsMatterUITests.swift; sourceTree = "<group>"; };
		E973EA20250F9C240077E9C0 /* Info.plist */ = {isa = PBXFileReference; lastKnownFileType = text.plist.xml; path = Info.plist; sourceTree = "<group>"; };
		FE5DDBA425123CA3005A5040 /* PetsCollection.swift */ = {isa = PBXFileReference; lastKnownFileType = sourcecode.swift; path = PetsCollection.swift; sourceTree = "<group>"; };
		FE5DDBA625124933005A5040 /* PetCollectionCell.swift */ = {isa = PBXFileReference; lastKnownFileType = sourcecode.swift; path = PetCollectionCell.swift; sourceTree = "<group>"; };
		FE5DDBA725124933005A5040 /* PetCollectionCell.xib */ = {isa = PBXFileReference; lastKnownFileType = file.xib; path = PetCollectionCell.xib; sourceTree = "<group>"; };
		FE5DDBAA2512494C005A5040 /* ReminderCollectionCell.swift */ = {isa = PBXFileReference; lastKnownFileType = sourcecode.swift; path = ReminderCollectionCell.swift; sourceTree = "<group>"; };
		FE5DDBAB2512494C005A5040 /* ReminderCollectionCell.xib */ = {isa = PBXFileReference; lastKnownFileType = file.xib; path = ReminderCollectionCell.xib; sourceTree = "<group>"; };
		FE5DDBAE25125E32005A5040 /* Colors.swift */ = {isa = PBXFileReference; lastKnownFileType = sourcecode.swift; path = Colors.swift; sourceTree = "<group>"; };
		FE5DDBB025126B77005A5040 /* RemindersCollection.swift */ = {isa = PBXFileReference; lastKnownFileType = sourcecode.swift; path = RemindersCollection.swift; sourceTree = "<group>"; };
		FEE4BFB22510F5CD000CA883 /* Initial.swift */ = {isa = PBXFileReference; lastKnownFileType = sourcecode.swift; path = Initial.swift; sourceTree = "<group>"; };
		FEE4BFBA25110286000CA883 /* InitialViewController.swift */ = {isa = PBXFileReference; lastKnownFileType = sourcecode.swift; path = InitialViewController.swift; sourceTree = "<group>"; };
		FEE4BFBC2511068C000CA883 /* Config.swift */ = {isa = PBXFileReference; lastKnownFileType = sourcecode.swift; path = Config.swift; sourceTree = "<group>"; };
		E9AC198C2510EAE500920DFC /* Model.swift */ = {isa = PBXFileReference; lastKnownFileType = sourcecode.swift; path = Model.swift; sourceTree = "<group>"; };
/* End PBXFileReference section */

/* Begin PBXFrameworksBuildPhase section */
		E973E9EF250F96540077E9C0 /* Frameworks */ = {
			isa = PBXFrameworksBuildPhase;
			buildActionMask = 2147483647;
			files = (
			);
			runOnlyForDeploymentPostprocessing = 0;
		};
		E973EA0B250F9C0A0077E9C0 /* Frameworks */ = {
			isa = PBXFrameworksBuildPhase;
			buildActionMask = 2147483647;
			files = (
			);
			runOnlyForDeploymentPostprocessing = 0;
		};
		E973EA19250F9C240077E9C0 /* Frameworks */ = {
			isa = PBXFrameworksBuildPhase;
			buildActionMask = 2147483647;
			files = (
			);
			runOnlyForDeploymentPostprocessing = 0;
		};
/* End PBXFrameworksBuildPhase section */

/* Begin PBXGroup section */
		68AA20E52512339800D19BB3 /* ViewModel */ = {
			isa = PBXGroup;
			children = (
			);
			path = ViewModel;
			sourceTree = "<group>";
		};
		E973E9E9250F96540077E9C0 = {
			isa = PBXGroup;
			children = (
				E973E9F4250F96540077E9C0 /* DetailsMatter */,
				E973EA0F250F9C0A0077E9C0 /* DetailsMatterTests */,
				E973EA1D250F9C240077E9C0 /* DetailsMatterUITests */,
				E973E9F3250F96540077E9C0 /* Products */,
			);
			sourceTree = "<group>";
		};
		E973E9F3250F96540077E9C0 /* Products */ = {
			isa = PBXGroup;
			children = (
				E973E9F2250F96540077E9C0 /* DetailsMatter.app */,
				E973EA0E250F9C0A0077E9C0 /* DetailsMatterTests.xctest */,
				E973EA1C250F9C240077E9C0 /* DetailsMatterUITests.xctest */,
			);
			name = Products;
			sourceTree = "<group>";
		};
		E973E9F4250F96540077E9C0 /* DetailsMatter */ = {
			isa = PBXGroup;
			children = (
				68AA20E52512339800D19BB3 /* ViewModel */,
				E9AC19892510E8DA00920DFC /* View */,
				E9AC19882510E8D300920DFC /* Controller */,
				E9AC19872510E8B100920DFC /* Model */,
				FEE4BFB42510FEAF000CA883 /* Utils */,
				E973E9F5250F96540077E9C0 /* AppDelegate.swift */,
				E973E9F7250F96540077E9C0 /* SceneDelegate.swift */,
				FEE4BFBC2511068C000CA883 /* Config.swift */,
				E973EA03250F96550077E9C0 /* Info.plist */,
			);
			path = DetailsMatter;
			sourceTree = "<group>";
		};
		E973EA0F250F9C0A0077E9C0 /* DetailsMatterTests */ = {
			isa = PBXGroup;
			children = (
				E973EA10250F9C0A0077E9C0 /* DetailsMatterTests.swift */,
				E973EA12250F9C0A0077E9C0 /* Info.plist */,
			);
			path = DetailsMatterTests;
			sourceTree = "<group>";
		};
		E973EA1D250F9C240077E9C0 /* DetailsMatterUITests */ = {
			isa = PBXGroup;
			children = (
				E973EA1E250F9C240077E9C0 /* DetailsMatterUITests.swift */,
				E973EA20250F9C240077E9C0 /* Info.plist */,
			);
			path = DetailsMatterUITests;
			sourceTree = "<group>";
		};
		E9AC19872510E8B100920DFC /* Model */ = {
			isa = PBXGroup;
			children = (
				E9AC198C2510EAE500920DFC /* Model.swift */,
			);
			path = Model;
			sourceTree = "<group>";
		};
		E9AC19882510E8D300920DFC /* Controller */ = {
			isa = PBXGroup;
			children = (
				E973E9F9250F96540077E9C0 /* ViewController.swift */,
				FEE4BFBA25110286000CA883 /* InitialViewController.swift */,
			);
			path = Controller;
			sourceTree = "<group>";
		};
		E9AC19892510E8DA00920DFC /* View */ = {
			isa = PBXGroup;
			children = (
				FEE4BFB02510F590000CA883 /* Initial */,
				E973E9FE250F96550077E9C0 /* Assets.xcassets */,
				E973EA00250F96550077E9C0 /* LaunchScreen.storyboard */,
			);
			path = View;
			sourceTree = "<group>";
		};
		FE5DDBA325123C3B005A5040 /* Collection */ = {
			isa = PBXGroup;
			children = (
				FE5DDBB425126BC9005A5040 /* Pets */,
				FE5DDBB225126BA2005A5040 /* Reminders */,
			);
			path = Collection;
			sourceTree = "<group>";
		};
		FE5DDBB225126BA2005A5040 /* Reminders */ = {
			isa = PBXGroup;
			children = (
				FE5DDBB325126BAE005A5040 /* Xib */,
				FE5DDBB025126B77005A5040 /* RemindersCollection.swift */,
			);
			path = Reminders;
			sourceTree = "<group>";
		};
		FE5DDBB325126BAE005A5040 /* Xib */ = {
			isa = PBXGroup;
			children = (
				FE5DDBAA2512494C005A5040 /* ReminderCollectionCell.swift */,
				FE5DDBAB2512494C005A5040 /* ReminderCollectionCell.xib */,
			);
			path = Xib;
			sourceTree = "<group>";
		};
		FE5DDBB425126BC9005A5040 /* Pets */ = {
			isa = PBXGroup;
			children = (
				FEE4BFB12510F5A8000CA883 /* Xibs */,
				FE5DDBA425123CA3005A5040 /* PetsCollection.swift */,
			);
			path = Pets;
			sourceTree = "<group>";
		};
		FEE4BFB02510F590000CA883 /* Initial */ = {
			isa = PBXGroup;
			children = (
				FE5DDBA325123C3B005A5040 /* Collection */,
				FEE4BFB22510F5CD000CA883 /* Initial.swift */,
			);
			path = Initial;
			sourceTree = "<group>";
		};
		FEE4BFB12510F5A8000CA883 /* Xibs */ = {
			isa = PBXGroup;
			children = (
				FE5DDBA625124933005A5040 /* PetCollectionCell.swift */,
				FE5DDBA725124933005A5040 /* PetCollectionCell.xib */,
			);
			path = Xibs;
			sourceTree = "<group>";
		};
		FEE4BFB42510FEAF000CA883 /* Utils */ = {
			isa = PBXGroup;
			children = (
				FEE4BFB72510FEF2000CA883 /* Components */,
				FEE4BFB62510FECF000CA883 /* Extensions */,
				FEE4BFB52510FEC8000CA883 /* Protocols */,
			);
			path = Utils;
			sourceTree = "<group>";
		};
		FEE4BFB52510FEC8000CA883 /* Protocols */ = {
			isa = PBXGroup;
			children = (
			);
			path = Protocols;
			sourceTree = "<group>";
		};
		FEE4BFB62510FECF000CA883 /* Extensions */ = {
			isa = PBXGroup;
			children = (
				FE5DDBAE25125E32005A5040 /* Colors.swift */,
			);
			path = Extensions;
			sourceTree = "<group>";
		};
		FEE4BFB72510FEF2000CA883 /* Components */ = {
			isa = PBXGroup;
			children = (
			);
			path = Components;
			sourceTree = "<group>";
		};
/* End PBXGroup section */

/* Begin PBXNativeTarget section */
		E973E9F1250F96540077E9C0 /* DetailsMatter */ = {
			isa = PBXNativeTarget;
			buildConfigurationList = E973EA06250F96550077E9C0 /* Build configuration list for PBXNativeTarget "DetailsMatter" */;
			buildPhases = (
				E973E9EE250F96540077E9C0 /* Sources */,
				E973E9EF250F96540077E9C0 /* Frameworks */,
				E973E9F0250F96540077E9C0 /* Resources */,
				E973EA09250F997C0077E9C0 /* ShellScript */,
			);
			buildRules = (
			);
			dependencies = (
			);
			name = DetailsMatter;
			productName = DetailsMatter;
			productReference = E973E9F2250F96540077E9C0 /* DetailsMatter.app */;
			productType = "com.apple.product-type.application";
		};
		E973EA0D250F9C0A0077E9C0 /* DetailsMatterTests */ = {
			isa = PBXNativeTarget;
			buildConfigurationList = E973EA15250F9C0A0077E9C0 /* Build configuration list for PBXNativeTarget "DetailsMatterTests" */;
			buildPhases = (
				E973EA0A250F9C0A0077E9C0 /* Sources */,
				E973EA0B250F9C0A0077E9C0 /* Frameworks */,
				E973EA0C250F9C0A0077E9C0 /* Resources */,
			);
			buildRules = (
			);
			dependencies = (
				E973EA14250F9C0A0077E9C0 /* PBXTargetDependency */,
			);
			name = DetailsMatterTests;
			productName = DetailsMatterTests;
			productReference = E973EA0E250F9C0A0077E9C0 /* DetailsMatterTests.xctest */;
			productType = "com.apple.product-type.bundle.unit-test";
		};
		E973EA1B250F9C240077E9C0 /* DetailsMatterUITests */ = {
			isa = PBXNativeTarget;
			buildConfigurationList = E973EA23250F9C240077E9C0 /* Build configuration list for PBXNativeTarget "DetailsMatterUITests" */;
			buildPhases = (
				E973EA18250F9C240077E9C0 /* Sources */,
				E973EA19250F9C240077E9C0 /* Frameworks */,
				E973EA1A250F9C240077E9C0 /* Resources */,
			);
			buildRules = (
			);
			dependencies = (
				E973EA22250F9C240077E9C0 /* PBXTargetDependency */,
			);
			name = DetailsMatterUITests;
			productName = DetailsMatterUITests;
			productReference = E973EA1C250F9C240077E9C0 /* DetailsMatterUITests.xctest */;
			productType = "com.apple.product-type.bundle.ui-testing";
		};
/* End PBXNativeTarget section */

/* Begin PBXProject section */
		E973E9EA250F96540077E9C0 /* Project object */ = {
			isa = PBXProject;
			attributes = {
				LastSwiftUpdateCheck = 1170;
				LastUpgradeCheck = 1170;
				ORGANIZATIONNAME = "Tales Conrado";
				TargetAttributes = {
					E973E9F1250F96540077E9C0 = {
						CreatedOnToolsVersion = 11.7;
					};
					E973EA0D250F9C0A0077E9C0 = {
						CreatedOnToolsVersion = 11.7;
						TestTargetID = E973E9F1250F96540077E9C0;
					};
					E973EA1B250F9C240077E9C0 = {
						CreatedOnToolsVersion = 11.7;
						TestTargetID = E973E9F1250F96540077E9C0;
					};
				};
			};
			buildConfigurationList = E973E9ED250F96540077E9C0 /* Build configuration list for PBXProject "DetailsMatter" */;
			compatibilityVersion = "Xcode 9.3";
			developmentRegion = en;
			hasScannedForEncodings = 0;
			knownRegions = (
				en,
				Base,
			);
			mainGroup = E973E9E9250F96540077E9C0;
			productRefGroup = E973E9F3250F96540077E9C0 /* Products */;
			projectDirPath = "";
			projectRoot = "";
			targets = (
				E973E9F1250F96540077E9C0 /* DetailsMatter */,
				E973EA0D250F9C0A0077E9C0 /* DetailsMatterTests */,
				E973EA1B250F9C240077E9C0 /* DetailsMatterUITests */,
			);
		};
/* End PBXProject section */

/* Begin PBXResourcesBuildPhase section */
		E973E9F0250F96540077E9C0 /* Resources */ = {
			isa = PBXResourcesBuildPhase;
			buildActionMask = 2147483647;
			files = (
				FE5DDBA925124933005A5040 /* PetCollectionCell.xib in Resources */,
				FE5DDBAD2512494C005A5040 /* ReminderCollectionCell.xib in Resources */,
				E973EA02250F96550077E9C0 /* LaunchScreen.storyboard in Resources */,
				E973E9FF250F96550077E9C0 /* Assets.xcassets in Resources */,
			);
			runOnlyForDeploymentPostprocessing = 0;
		};
		E973EA0C250F9C0A0077E9C0 /* Resources */ = {
			isa = PBXResourcesBuildPhase;
			buildActionMask = 2147483647;
			files = (
			);
			runOnlyForDeploymentPostprocessing = 0;
		};
		E973EA1A250F9C240077E9C0 /* Resources */ = {
			isa = PBXResourcesBuildPhase;
			buildActionMask = 2147483647;
			files = (
			);
			runOnlyForDeploymentPostprocessing = 0;
		};
/* End PBXResourcesBuildPhase section */

/* Begin PBXShellScriptBuildPhase section */
		E973EA09250F997C0077E9C0 /* ShellScript */ = {
			isa = PBXShellScriptBuildPhase;
			buildActionMask = 2147483647;
			files = (
			);
			inputFileListPaths = (
			);
			inputPaths = (
			);
			outputFileListPaths = (
			);
			outputPaths = (
			);
			runOnlyForDeploymentPostprocessing = 0;
			shellPath = /bin/sh;
			shellScript = "if which swiftlint >/dev/null; then\n  swiftlint\nelse\n  echo \"warning: SwiftLint not installed, download from https://github.com/realm/SwiftLint\"\nfi\n";
		};
/* End PBXShellScriptBuildPhase section */

/* Begin PBXSourcesBuildPhase section */
		E973E9EE250F96540077E9C0 /* Sources */ = {
			isa = PBXSourcesBuildPhase;
			buildActionMask = 2147483647;
			files = (
				FE5DDBA525123CA3005A5040 /* PetsCollection.swift in Sources */,
				FE5DDBAF25125E32005A5040 /* Colors.swift in Sources */,
				E973E9FA250F96540077E9C0 /* ViewController.swift in Sources */,
				FE5DDBAC2512494C005A5040 /* ReminderCollectionCell.swift in Sources */,
				FE5DDBB125126B77005A5040 /* RemindersCollection.swift in Sources */,
				E973E9F6250F96540077E9C0 /* AppDelegate.swift in Sources */,
				FEE4BFBD2511068C000CA883 /* Config.swift in Sources */,
				FEE4BFBB25110286000CA883 /* InitialViewController.swift in Sources */,
				FEE4BFB32510F5CD000CA883 /* Initial.swift in Sources */,
				E973E9F8250F96540077E9C0 /* SceneDelegate.swift in Sources */,
				FE5DDBA825124933005A5040 /* PetCollectionCell.swift in Sources */,
				E9AC198D2510EAE500920DFC /* Model.swift in Sources */,
			);
			runOnlyForDeploymentPostprocessing = 0;
		};
		E973EA0A250F9C0A0077E9C0 /* Sources */ = {
			isa = PBXSourcesBuildPhase;
			buildActionMask = 2147483647;
			files = (
				E973EA11250F9C0A0077E9C0 /* DetailsMatterTests.swift in Sources */,
			);
			runOnlyForDeploymentPostprocessing = 0;
		};
		E973EA18250F9C240077E9C0 /* Sources */ = {
			isa = PBXSourcesBuildPhase;
			buildActionMask = 2147483647;
			files = (
				E973EA1F250F9C240077E9C0 /* DetailsMatterUITests.swift in Sources */,
			);
			runOnlyForDeploymentPostprocessing = 0;
		};
/* End PBXSourcesBuildPhase section */

/* Begin PBXTargetDependency section */
		E973EA14250F9C0A0077E9C0 /* PBXTargetDependency */ = {
			isa = PBXTargetDependency;
			target = E973E9F1250F96540077E9C0 /* DetailsMatter */;
			targetProxy = E973EA13250F9C0A0077E9C0 /* PBXContainerItemProxy */;
		};
		E973EA22250F9C240077E9C0 /* PBXTargetDependency */ = {
			isa = PBXTargetDependency;
			target = E973E9F1250F96540077E9C0 /* DetailsMatter */;
			targetProxy = E973EA21250F9C240077E9C0 /* PBXContainerItemProxy */;
		};
/* End PBXTargetDependency section */

/* Begin PBXVariantGroup section */
		E973EA00250F96550077E9C0 /* LaunchScreen.storyboard */ = {
			isa = PBXVariantGroup;
			children = (
				E973EA01250F96550077E9C0 /* Base */,
			);
			name = LaunchScreen.storyboard;
			sourceTree = "<group>";
		};
/* End PBXVariantGroup section */

/* Begin XCBuildConfiguration section */
		E973EA04250F96550077E9C0 /* Debug */ = {
			isa = XCBuildConfiguration;
			buildSettings = {
				ALWAYS_SEARCH_USER_PATHS = NO;
				CLANG_ANALYZER_NONNULL = YES;
				CLANG_ANALYZER_NUMBER_OBJECT_CONVERSION = YES_AGGRESSIVE;
				CLANG_CXX_LANGUAGE_STANDARD = "gnu++14";
				CLANG_CXX_LIBRARY = "libc++";
				CLANG_ENABLE_MODULES = YES;
				CLANG_ENABLE_OBJC_ARC = YES;
				CLANG_ENABLE_OBJC_WEAK = YES;
				CLANG_WARN_BLOCK_CAPTURE_AUTORELEASING = YES;
				CLANG_WARN_BOOL_CONVERSION = YES;
				CLANG_WARN_COMMA = YES;
				CLANG_WARN_CONSTANT_CONVERSION = YES;
				CLANG_WARN_DEPRECATED_OBJC_IMPLEMENTATIONS = YES;
				CLANG_WARN_DIRECT_OBJC_ISA_USAGE = YES_ERROR;
				CLANG_WARN_DOCUMENTATION_COMMENTS = YES;
				CLANG_WARN_EMPTY_BODY = YES;
				CLANG_WARN_ENUM_CONVERSION = YES;
				CLANG_WARN_INFINITE_RECURSION = YES;
				CLANG_WARN_INT_CONVERSION = YES;
				CLANG_WARN_NON_LITERAL_NULL_CONVERSION = YES;
				CLANG_WARN_OBJC_IMPLICIT_RETAIN_SELF = YES;
				CLANG_WARN_OBJC_LITERAL_CONVERSION = YES;
				CLANG_WARN_OBJC_ROOT_CLASS = YES_ERROR;
				CLANG_WARN_RANGE_LOOP_ANALYSIS = YES;
				CLANG_WARN_STRICT_PROTOTYPES = YES;
				CLANG_WARN_SUSPICIOUS_MOVE = YES;
				CLANG_WARN_UNGUARDED_AVAILABILITY = YES_AGGRESSIVE;
				CLANG_WARN_UNREACHABLE_CODE = YES;
				CLANG_WARN__DUPLICATE_METHOD_MATCH = YES;
				COPY_PHASE_STRIP = NO;
				DEBUG_INFORMATION_FORMAT = dwarf;
				ENABLE_STRICT_OBJC_MSGSEND = YES;
				ENABLE_TESTABILITY = YES;
				GCC_C_LANGUAGE_STANDARD = gnu11;
				GCC_DYNAMIC_NO_PIC = NO;
				GCC_NO_COMMON_BLOCKS = YES;
				GCC_OPTIMIZATION_LEVEL = 0;
				GCC_PREPROCESSOR_DEFINITIONS = (
					"DEBUG=1",
					"$(inherited)",
				);
				GCC_WARN_64_TO_32_BIT_CONVERSION = YES;
				GCC_WARN_ABOUT_RETURN_TYPE = YES_ERROR;
				GCC_WARN_UNDECLARED_SELECTOR = YES;
				GCC_WARN_UNINITIALIZED_AUTOS = YES_AGGRESSIVE;
				GCC_WARN_UNUSED_FUNCTION = YES;
				GCC_WARN_UNUSED_VARIABLE = YES;
				IPHONEOS_DEPLOYMENT_TARGET = 13.7;
				MTL_ENABLE_DEBUG_INFO = INCLUDE_SOURCE;
				MTL_FAST_MATH = YES;
				ONLY_ACTIVE_ARCH = YES;
				SDKROOT = iphoneos;
				SWIFT_ACTIVE_COMPILATION_CONDITIONS = DEBUG;
				SWIFT_OPTIMIZATION_LEVEL = "-Onone";
			};
			name = Debug;
		};
		E973EA05250F96550077E9C0 /* Release */ = {
			isa = XCBuildConfiguration;
			buildSettings = {
				ALWAYS_SEARCH_USER_PATHS = NO;
				CLANG_ANALYZER_NONNULL = YES;
				CLANG_ANALYZER_NUMBER_OBJECT_CONVERSION = YES_AGGRESSIVE;
				CLANG_CXX_LANGUAGE_STANDARD = "gnu++14";
				CLANG_CXX_LIBRARY = "libc++";
				CLANG_ENABLE_MODULES = YES;
				CLANG_ENABLE_OBJC_ARC = YES;
				CLANG_ENABLE_OBJC_WEAK = YES;
				CLANG_WARN_BLOCK_CAPTURE_AUTORELEASING = YES;
				CLANG_WARN_BOOL_CONVERSION = YES;
				CLANG_WARN_COMMA = YES;
				CLANG_WARN_CONSTANT_CONVERSION = YES;
				CLANG_WARN_DEPRECATED_OBJC_IMPLEMENTATIONS = YES;
				CLANG_WARN_DIRECT_OBJC_ISA_USAGE = YES_ERROR;
				CLANG_WARN_DOCUMENTATION_COMMENTS = YES;
				CLANG_WARN_EMPTY_BODY = YES;
				CLANG_WARN_ENUM_CONVERSION = YES;
				CLANG_WARN_INFINITE_RECURSION = YES;
				CLANG_WARN_INT_CONVERSION = YES;
				CLANG_WARN_NON_LITERAL_NULL_CONVERSION = YES;
				CLANG_WARN_OBJC_IMPLICIT_RETAIN_SELF = YES;
				CLANG_WARN_OBJC_LITERAL_CONVERSION = YES;
				CLANG_WARN_OBJC_ROOT_CLASS = YES_ERROR;
				CLANG_WARN_RANGE_LOOP_ANALYSIS = YES;
				CLANG_WARN_STRICT_PROTOTYPES = YES;
				CLANG_WARN_SUSPICIOUS_MOVE = YES;
				CLANG_WARN_UNGUARDED_AVAILABILITY = YES_AGGRESSIVE;
				CLANG_WARN_UNREACHABLE_CODE = YES;
				CLANG_WARN__DUPLICATE_METHOD_MATCH = YES;
				COPY_PHASE_STRIP = NO;
				DEBUG_INFORMATION_FORMAT = "dwarf-with-dsym";
				ENABLE_NS_ASSERTIONS = NO;
				ENABLE_STRICT_OBJC_MSGSEND = YES;
				GCC_C_LANGUAGE_STANDARD = gnu11;
				GCC_NO_COMMON_BLOCKS = YES;
				GCC_WARN_64_TO_32_BIT_CONVERSION = YES;
				GCC_WARN_ABOUT_RETURN_TYPE = YES_ERROR;
				GCC_WARN_UNDECLARED_SELECTOR = YES;
				GCC_WARN_UNINITIALIZED_AUTOS = YES_AGGRESSIVE;
				GCC_WARN_UNUSED_FUNCTION = YES;
				GCC_WARN_UNUSED_VARIABLE = YES;
				IPHONEOS_DEPLOYMENT_TARGET = 13.7;
				MTL_ENABLE_DEBUG_INFO = NO;
				MTL_FAST_MATH = YES;
				SDKROOT = iphoneos;
				SWIFT_COMPILATION_MODE = wholemodule;
				SWIFT_OPTIMIZATION_LEVEL = "-O";
				VALIDATE_PRODUCT = YES;
			};
			name = Release;
		};
		E973EA07250F96550077E9C0 /* Debug */ = {
			isa = XCBuildConfiguration;
			buildSettings = {
				ASSETCATALOG_COMPILER_APPICON_NAME = AppIcon;
				CODE_SIGN_STYLE = Automatic;
				DEVELOPMENT_TEAM = BABNQ3LD22;
				INFOPLIST_FILE = DetailsMatter/Info.plist;
				LD_RUNPATH_SEARCH_PATHS = (
					"$(inherited)",
					"@executable_path/Frameworks",
				);
				PRODUCT_BUNDLE_IDENTIFIER = com.talesconrado.DetailsMatter;
				PRODUCT_NAME = "$(TARGET_NAME)";
				SWIFT_VERSION = 5.0;
				TARGETED_DEVICE_FAMILY = 1;
			};
			name = Debug;
		};
		E973EA08250F96550077E9C0 /* Release */ = {
			isa = XCBuildConfiguration;
			buildSettings = {
				ASSETCATALOG_COMPILER_APPICON_NAME = AppIcon;
				CODE_SIGN_STYLE = Automatic;
				DEVELOPMENT_TEAM = BABNQ3LD22;
				INFOPLIST_FILE = DetailsMatter/Info.plist;
				LD_RUNPATH_SEARCH_PATHS = (
					"$(inherited)",
					"@executable_path/Frameworks",
				);
				PRODUCT_BUNDLE_IDENTIFIER = com.talesconrado.DetailsMatter;
				PRODUCT_NAME = "$(TARGET_NAME)";
				SWIFT_VERSION = 5.0;
				TARGETED_DEVICE_FAMILY = 1;
			};
			name = Release;
		};
		E973EA16250F9C0A0077E9C0 /* Debug */ = {
			isa = XCBuildConfiguration;
			buildSettings = {
				BUNDLE_LOADER = "$(TEST_HOST)";
				CODE_SIGN_STYLE = Automatic;
				DEVELOPMENT_TEAM = BABNQ3LD22;
				INFOPLIST_FILE = DetailsMatterTests/Info.plist;
				LD_RUNPATH_SEARCH_PATHS = (
					"$(inherited)",
					"@executable_path/Frameworks",
					"@loader_path/Frameworks",
				);
				PRODUCT_BUNDLE_IDENTIFIER = com.talesconrado.DetailsMatterTests;
				PRODUCT_NAME = "$(TARGET_NAME)";
				SWIFT_VERSION = 5.0;
				TARGETED_DEVICE_FAMILY = "1,2";
				TEST_HOST = "$(BUILT_PRODUCTS_DIR)/DetailsMatter.app/DetailsMatter";
			};
			name = Debug;
		};
		E973EA17250F9C0A0077E9C0 /* Release */ = {
			isa = XCBuildConfiguration;
			buildSettings = {
				BUNDLE_LOADER = "$(TEST_HOST)";
				CODE_SIGN_STYLE = Automatic;
				DEVELOPMENT_TEAM = BABNQ3LD22;
				INFOPLIST_FILE = DetailsMatterTests/Info.plist;
				LD_RUNPATH_SEARCH_PATHS = (
					"$(inherited)",
					"@executable_path/Frameworks",
					"@loader_path/Frameworks",
				);
				PRODUCT_BUNDLE_IDENTIFIER = com.talesconrado.DetailsMatterTests;
				PRODUCT_NAME = "$(TARGET_NAME)";
				SWIFT_VERSION = 5.0;
				TARGETED_DEVICE_FAMILY = "1,2";
				TEST_HOST = "$(BUILT_PRODUCTS_DIR)/DetailsMatter.app/DetailsMatter";
			};
			name = Release;
		};
		E973EA24250F9C240077E9C0 /* Debug */ = {
			isa = XCBuildConfiguration;
			buildSettings = {
				CODE_SIGN_STYLE = Automatic;
				DEVELOPMENT_TEAM = BABNQ3LD22;
				INFOPLIST_FILE = DetailsMatterUITests/Info.plist;
				LD_RUNPATH_SEARCH_PATHS = (
					"$(inherited)",
					"@executable_path/Frameworks",
					"@loader_path/Frameworks",
				);
				PRODUCT_BUNDLE_IDENTIFIER = com.talesconrado.DetailsMatterUITests;
				PRODUCT_NAME = "$(TARGET_NAME)";
				SWIFT_VERSION = 5.0;
				TARGETED_DEVICE_FAMILY = "1,2";
				TEST_TARGET_NAME = DetailsMatter;
			};
			name = Debug;
		};
		E973EA25250F9C240077E9C0 /* Release */ = {
			isa = XCBuildConfiguration;
			buildSettings = {
				CODE_SIGN_STYLE = Automatic;
				DEVELOPMENT_TEAM = BABNQ3LD22;
				INFOPLIST_FILE = DetailsMatterUITests/Info.plist;
				LD_RUNPATH_SEARCH_PATHS = (
					"$(inherited)",
					"@executable_path/Frameworks",
					"@loader_path/Frameworks",
				);
				PRODUCT_BUNDLE_IDENTIFIER = com.talesconrado.DetailsMatterUITests;
				PRODUCT_NAME = "$(TARGET_NAME)";
				SWIFT_VERSION = 5.0;
				TARGETED_DEVICE_FAMILY = "1,2";
				TEST_TARGET_NAME = DetailsMatter;
			};
			name = Release;
		};
/* End XCBuildConfiguration section */

/* Begin XCConfigurationList section */
		E973E9ED250F96540077E9C0 /* Build configuration list for PBXProject "DetailsMatter" */ = {
			isa = XCConfigurationList;
			buildConfigurations = (
				E973EA04250F96550077E9C0 /* Debug */,
				E973EA05250F96550077E9C0 /* Release */,
			);
			defaultConfigurationIsVisible = 0;
			defaultConfigurationName = Release;
		};
		E973EA06250F96550077E9C0 /* Build configuration list for PBXNativeTarget "DetailsMatter" */ = {
			isa = XCConfigurationList;
			buildConfigurations = (
				E973EA07250F96550077E9C0 /* Debug */,
				E973EA08250F96550077E9C0 /* Release */,
			);
			defaultConfigurationIsVisible = 0;
			defaultConfigurationName = Release;
		};
		E973EA15250F9C0A0077E9C0 /* Build configuration list for PBXNativeTarget "DetailsMatterTests" */ = {
			isa = XCConfigurationList;
			buildConfigurations = (
				E973EA16250F9C0A0077E9C0 /* Debug */,
				E973EA17250F9C0A0077E9C0 /* Release */,
			);
			defaultConfigurationIsVisible = 0;
			defaultConfigurationName = Release;
		};
		E973EA23250F9C240077E9C0 /* Build configuration list for PBXNativeTarget "DetailsMatterUITests" */ = {
			isa = XCConfigurationList;
			buildConfigurations = (
				E973EA24250F9C240077E9C0 /* Debug */,
				E973EA25250F9C240077E9C0 /* Release */,
			);
			defaultConfigurationIsVisible = 0;
			defaultConfigurationName = Release;
		};
/* End XCConfigurationList section */
	};
	rootObject = E973E9EA250F96540077E9C0 /* Project object */;
}
